
Microsoft Visual Studio Solution File, Format Version 12.00
Project("{FAE04EC0-301F-11D3-BF4B-00C04F79EFBC}") = "Binus.API", "Binus.API\Binus.API.csproj", "{85ED2DEA-F964-4905-B0F3-21E981035DD5}"
EndProject
Project("{2150E333-8FDC-42A3-9474-1A3956D46DE8}") = "Source", "Source", "{E57F7EA0-486A-463F-AA46-72412291FC46}"
EndProject
Project("{2150E333-8FDC-42A3-9474-1A3956D46DE8}") = "Domain", "Domain", "{6A9F9B59-B917-4862-AA3E-5AA7FC65A44F}"
EndProject
Project("{FAE04EC0-301F-11D3-BF4B-00C04F79EFBC}") = "Binus.Core.Domain", "Source\Domain\Binus.Core.Domain\Binus.Core.Domain.csproj", "{980A57D2-4F21-46CF-87BE-89CD328B46EA}"
EndProject
Project("{FAE04EC0-301F-11D3-BF4B-00C04F79EFBC}") = "Binus.Core.Constant", "Source\Domain\Binus.Core.Constant\Binus.Core.Constant.csproj", "{B6869BEB-B1E8-4AD9-962B-9DC9B895EE99}"
EndProject
Project("{2150E333-8FDC-42A3-9474-1A3956D46DE8}") = "Application", "Application", "{C4ACB8A7-584C-4ADD-9F03-E48830D5C843}"
EndProject
Project("{FAE04EC0-301F-11D3-BF4B-00C04F79EFBC}") = "Binus.Core.Application", "Source\Application\Binus.Core.Application\Binus.Core.Application.csproj", "{61CFFEBC-A995-4C18-921A-1531FAFA1C9D}"
EndProject
Project("{FAE04EC0-301F-11D3-BF4B-00C04F79EFBC}") = "Binus.Core.Application.Command", "Source\Application\Binus.Core.Application.Command\Binus.Core.Application.Command.csproj", "{66468068-715D-4365-B3C4-37620F6FF504}"
EndProject
Project("{2150E333-8FDC-42A3-9474-1A3956D46DE8}") = "Infrastructure", "Infrastructure", "{24C506C1-5734-4CDB-B639-80030713702C}"
EndProject
Project("{FAE04EC0-301F-11D3-BF4B-00C04F79EFBC}") = "Binus.Core.Infrastructure", "Source\Infrastructure\Binus.Core.Infrastructure\Binus.Core.Infrastructure.csproj", "{64907E80-CCA0-41E5-B2B8-3944C30C1DD6}"
EndProject
Project("{FAE04EC0-301F-11D3-BF4B-00C04F79EFBC}") = "Binus.App.DbMigrations", "Source\Infrastructure\Binus.App.DbMigrations\Binus.App.DbMigrations.csproj", "{2CC82E1C-1C46-404B-97BC-54B02B0D367A}"
EndProject
Project("{2150E333-8FDC-42A3-9474-1A3956D46DE8}") = "Services", "Services", "{6D6338C2-4B43-4511-BBCC-C44A4528093D}"
EndProject
Project("{2150E333-8FDC-42A3-9474-1A3956D46DE8}") = "Deals", "Deals", "{7D6866A4-1E00-4778-8737-F3A0E8DB0CD9}"
EndProject
Project("{2150E333-8FDC-42A3-9474-1A3956D46DE8}") = "Domain", "Domain", "{69EA633E-0FC3-4AAA-A158-4AD5D4B12213}"
EndProject
Project("{2150E333-8FDC-42A3-9474-1A3956D46DE8}") = "Application", "Application", "{071BE314-1123-49F5-8FB5-55359CD73717}"
EndProject
Project("{2150E333-8FDC-42A3-9474-1A3956D46DE8}") = "Infrastructure", "Infrastructure", "{952535C0-CA08-44FE-BE10-64B718FF92D3}"
EndProject
Project("{FAE04EC0-301F-11D3-BF4B-00C04F79EFBC}") = "Binus.Deals.Core.Constant", "Services\Deals\Domain\Binus.Deals.Core.Constant\Binus.Deals.Core.Constant.csproj", "{B886998D-EAB1-4DCC-8102-A73BA4D19C17}"
EndProject
Project("{FAE04EC0-301F-11D3-BF4B-00C04F79EFBC}") = "Binus.Deals.Core.Domain", "Services\Deals\Domain\Binus.Deals.Core.Domain\Binus.Deals.Core.Domain.csproj", "{A3B13B70-D5F8-4E18-8718-A82B0C11C5B1}"
EndProject
Project("{FAE04EC0-301F-11D3-BF4B-00C04F79EFBC}") = "Binus.Deals.Core.Application", "Services\Deals\Application\Binus.Deals.Core.Application\Binus.Deals.Core.Application.csproj", "{DC5CE627-ED14-4F47-80B1-94DDD50EEAFD}"
EndProject
Project("{FAE04EC0-301F-11D3-BF4B-00C04F79EFBC}") = "Binus.Deals.Core.Application.Command", "Services\Deals\Application\Binus.Deals.Core.Application.Command\Binus.Deals.Core.Application.Command.csproj", "{D6806F66-B716-4A34-A144-C4DE8DC63909}"
EndProject
Project("{FAE04EC0-301F-11D3-BF4B-00C04F79EFBC}") = "Binus.Deals.Core.Infrastructure", "Services\Deals\Infrastructure\Binus.Deals.Core.Infrastructure\Binus.Deals.Core.Infrastructure.csproj", "{D3B60544-D75F-49A2-ABEE-FD326AA1F30A}"
EndProject
Project("{FAE04EC0-301F-11D3-BF4B-00C04F79EFBC}") = "Binus.Deals.App.DbMigrations", "Services\Deals\Infrastructure\Binus.Deals.App.DbMigrations\Binus.Deals.App.DbMigrations.csproj", "{2E744544-F397-4317-984C-BD3FAEE5D35B}"
EndProject
Project("{FAE04EC0-301F-11D3-BF4B-00C04F79EFBC}") = "Binus.Services.Deals.API", "Services\Deals\Binus.Services.Deals.API\Binus.Services.Deals.API.csproj", "{666D4218-00D2-435B-B442-9C54FFC1BD55}"
EndProject
Project("{2150E333-8FDC-42A3-9474-1A3956D46DE8}") = "DealsTourRadar", "DealsTourRadar", "{9E9C16B7-6763-4983-97DD-4B6F7D618349}"
EndProject
Project("{2150E333-8FDC-42A3-9474-1A3956D46DE8}") = "Application", "Application", "{BA9B49F6-1537-4F0F-959B-496DDD556E22}"
EndProject
Project("{2150E333-8FDC-42A3-9474-1A3956D46DE8}") = "Domain", "Domain", "{AAFB4F63-038B-4339-BBBA-16E53281BAC8}"
EndProject
Project("{2150E333-8FDC-42A3-9474-1A3956D46DE8}") = "Infrastructure", "Infrastructure", "{4BFFEE59-7A17-4F2B-BB53-12B64534F7EB}"
EndProject
Project("{FAE04EC0-301F-11D3-BF4B-00C04F79EFBC}") = "Binus.DealsTourRadar.Core.Constant", "Services\DealsTourRadar\Domain\Binus.DealsTourRadar.Core.Constant\Binus.DealsTourRadar.Core.Constant.csproj", "{CD3D70F5-E429-4004-AC87-2C2A7CDF6165}"
EndProject
Project("{FAE04EC0-301F-11D3-BF4B-00C04F79EFBC}") = "Binus.DealsTourRadar.Core.Domain", "Services\DealsTourRadar\Domain\Binus.DealsTourRadar.Core.Domain\Binus.DealsTourRadar.Core.Domain.csproj", "{494A02FF-C294-4F83-BA26-136ACFAC4DCF}"
EndProject
Project("{FAE04EC0-301F-11D3-BF4B-00C04F79EFBC}") = "Binus.DealsTourRadar.Core.Application", "Services\DealsTourRadar\Application\Binus.DealsTourRadar.Core.Application\Binus.DealsTourRadar.Core.Application.csproj", "{4886EA11-EA5D-4E4D-B1B3-B3CA4B06C79D}"
EndProject
Project("{FAE04EC0-301F-11D3-BF4B-00C04F79EFBC}") = "Binus.DealsTourRadar.Core.Application.Command", "Services\DealsTourRadar\Application\Binus.DealsTourRadar.Core.Application.Command\Binus.DealsTourRadar.Core.Application.Command.csproj", "{9B4AAA02-45EC-4498-8ED7-419365151DE2}"
EndProject
Project("{FAE04EC0-301F-11D3-BF4B-00C04F79EFBC}") = "Binus.DealsTourRadar.Core.Infrastructure", "Services\DealsTourRadar\Infrastructure\Binus.DealsTourRadar.Core.Infrastructure\Binus.DealsTourRadar.Core.Infrastructure.csproj", "{9D5FFEFF-17AF-4461-B1F5-E777B1D69B4F}"
EndProject
Project("{FAE04EC0-301F-11D3-BF4B-00C04F79EFBC}") = "Binus.DealsTourRadar.App.DbMigrations", "Services\DealsTourRadar\Infrastructure\Binus.DealsTourRadar.App.DbMigrations\Binus.DealsTourRadar.App.DbMigrations.csproj", "{DCC2A352-1666-4936-885B-B4B85D584B66}"
EndProject
Project("{FAE04EC0-301F-11D3-BF4B-00C04F79EFBC}") = "Binus.Services.DealsTourRadar.API", "Services\DealsTourRadar\Binus.Services.DealsTourRadar.API\Binus.Services.DealsTourRadar.API.csproj", "{458A4E52-29E2-459F-AE14-995236884A81}"
EndProject
Project("{2150E333-8FDC-42A3-9474-1A3956D46DE8}") = "Transaction", "Transaction", "{DFBF8A2D-DF00-4254-AA03-B77DFCD985AD}"
EndProject
Project("{2150E333-8FDC-42A3-9474-1A3956D46DE8}") = "Application", "Application", "{74BAC828-F738-42E2-8B84-32C93FBBDBAE}"
EndProject
Project("{2150E333-8FDC-42A3-9474-1A3956D46DE8}") = "Domain", "Domain", "{B347234B-3942-47D8-9D49-8F41B28B158A}"
EndProject
Project("{2150E333-8FDC-42A3-9474-1A3956D46DE8}") = "Infrastructure", "Infrastructure", "{A25481BB-364D-43AF-8229-B21BDBDE1B16}"
EndProject
Project("{FAE04EC0-301F-11D3-BF4B-00C04F79EFBC}") = "Binus.Transaction.Core.Constant", "Services\Transaction\Domain\Binus.Transaction.Core.Constant\Binus.Transaction.Core.Constant.csproj", "{E45E03B2-46FB-413A-A197-D1ED16AB027D}"
EndProject
Project("{FAE04EC0-301F-11D3-BF4B-00C04F79EFBC}") = "Binus.Transaction.Core.Domain", "Services\Transaction\Domain\Binus.Transaction.Core.Domain\Binus.Transaction.Core.Domain.csproj", "{3817D6D9-364D-404B-9F74-C82C5CDF1901}"
EndProject
Project("{FAE04EC0-301F-11D3-BF4B-00C04F79EFBC}") = "Binus.Transaction.Core.Application", "Services\Transaction\Application\Binus.Transaction.Core.Application\Binus.Transaction.Core.Application.csproj", "{E9946CCC-F56B-4F39-98D7-275B78F20458}"
EndProject
Project("{FAE04EC0-301F-11D3-BF4B-00C04F79EFBC}") = "Binus.Transaction.Core.Application.Command", "Services\Transaction\Application\Binus.Transaction.Core.Application.Command\Binus.Transaction.Core.Application.Command.csproj", "{CB689448-506D-4E61-A3FE-3597B4E2BDC4}"
EndProject
Project("{FAE04EC0-301F-11D3-BF4B-00C04F79EFBC}") = "Binus.Transaction.Core.Infrastructure", "Services\Transaction\Infrastructure\Binus.Transaction.Core.Infrastructure\Binus.Transaction.Core.Infrastructure.csproj", "{61F58E43-3346-41DA-B9F8-4E0547B097A4}"
EndProject
Project("{FAE04EC0-301F-11D3-BF4B-00C04F79EFBC}") = "Binus.Transaction.App.DbMigrations", "Services\Transaction\Infrastructure\Binus.Transaction.App.DbMigrations\Binus.Transaction.App.DbMigrations.csproj", "{D695EA98-DA82-402F-B14A-5792F4332F4B}"
EndProject
Project("{FAE04EC0-301F-11D3-BF4B-00C04F79EFBC}") = "Binus.Services.Transaction.API", "Services\Transaction\Binus.Services.Transaction.API\Binus.Services.Transaction.API.csproj", "{2361C4E9-A8E1-4620-B630-022D221BCC8D}"
EndProject
Project("{2150E333-8FDC-42A3-9474-1A3956D46DE8}") = "Booking", "Booking", "{EC14E249-B5A8-4103-A16D-3D48F0D9CFB6}"
EndProject
Project("{2150E333-8FDC-42A3-9474-1A3956D46DE8}") = "Domain", "Domain", "{2D7C6A60-8749-4FF4-B44C-A9AA687E776E}"
EndProject
Project("{2150E333-8FDC-42A3-9474-1A3956D46DE8}") = "Application", "Application", "{A0792AD3-1753-45F9-A2BE-A906DC727ECC}"
EndProject
Project("{2150E333-8FDC-42A3-9474-1A3956D46DE8}") = "Infrastructure", "Infrastructure", "{2938AC3C-E484-461B-8B69-DBF7C9545577}"
EndProject
Project("{FAE04EC0-301F-11D3-BF4B-00C04F79EFBC}") = "Binus.Booking.Core.Constant", "Services\Booking\Domain\Binus.Booking.Core.Constant\Binus.Booking.Core.Constant.csproj", "{63C95E5B-47A4-4760-8B3C-24C8E6002BBD}"
EndProject
Project("{FAE04EC0-301F-11D3-BF4B-00C04F79EFBC}") = "Binus.Booking.Core.Domain", "Services\Booking\Domain\Binus.Booking.Core.Domain\Binus.Booking.Core.Domain.csproj", "{2F13EF34-0C06-497F-924F-B4E1AEE8EA09}"
EndProject
Project("{FAE04EC0-301F-11D3-BF4B-00C04F79EFBC}") = "Binus.Booking.Core.Application", "Services\Booking\Application\Binus.Booking.Core.Application\Binus.Booking.Core.Application.csproj", "{F65B536F-DC87-43BD-A1A4-E5EB671C17AE}"
EndProject
Project("{FAE04EC0-301F-11D3-BF4B-00C04F79EFBC}") = "Binus.Booking.Core.Application.Command", "Services\Booking\Application\Binus.Booking.Core.Application.Command\Binus.Booking.Core.Application.Command.csproj", "{D651E6F2-012A-4FBA-9605-36076CE2125C}"
EndProject
Project("{FAE04EC0-301F-11D3-BF4B-00C04F79EFBC}") = "Binus.Booking.Core.Infrastructure", "Services\Booking\Infrastructure\Binus.Booking.Core.Infrastructure\Binus.Booking.Core.Infrastructure.csproj", "{B994BA0B-5839-4EE3-B17D-FAFDF7CB94AF}"
EndProject
Project("{FAE04EC0-301F-11D3-BF4B-00C04F79EFBC}") = "Binus.Booking.App.DbMigrations", "Services\Booking\Infrastructure\Binus.Booking.App.DbMigrations\Binus.Booking.App.DbMigrations.csproj", "{6EAF334B-1647-477B-A923-085AEE5736CC}"
EndProject
Project("{FAE04EC0-301F-11D3-BF4B-00C04F79EFBC}") = "Binus.Services.Booking.API", "Services\Booking\Binus.Services.Booking.API\Binus.Services.Booking.API.csproj", "{868FDB9C-42B2-465E-9F48-8E3578A9189F}"
EndProject
Project("{2150E333-8FDC-42A3-9474-1A3956D46DE8}") = "Accommodation", "Accommodation", "{003FB48F-871F-4B2D-9D7F-47CA431D892D}"
EndProject
Project("{2150E333-8FDC-42A3-9474-1A3956D46DE8}") = "Domain", "Domain", "{E9BF0541-13FC-4391-BE17-75CDD3269E58}"
EndProject
Project("{2150E333-8FDC-42A3-9474-1A3956D46DE8}") = "Application", "Application", "{DA921D2F-2D91-49EC-AA09-432EF6D76C78}"
EndProject
Project("{2150E333-8FDC-42A3-9474-1A3956D46DE8}") = "Infrastructure", "Infrastructure", "{84EACAE0-086E-4CC2-888E-DEA33B79D7E8}"
EndProject
Project("{FAE04EC0-301F-11D3-BF4B-00C04F79EFBC}") = "Binus.Accommodation.Core.Constant", "Services\Accommodation\Domain\Binus.Accommodation.Core.Constant\Binus.Accommodation.Core.Constant.csproj", "{C6C25B11-CC9F-4A48-BADF-A30DA3E145EF}"
EndProject
Project("{FAE04EC0-301F-11D3-BF4B-00C04F79EFBC}") = "Binus.Accommodation.Core.Domain", "Services\Accommodation\Domain\Binus.Accommodation.Core.Domain\Binus.Accommodation.Core.Domain.csproj", "{1CE521C7-CC27-4A66-9610-AA0E90AD30BE}"
EndProject
Project("{FAE04EC0-301F-11D3-BF4B-00C04F79EFBC}") = "Binus.Accommodation.Core.Application", "Services\Accommodation\Application\Binus.Accommodation.Core.Application\Binus.Accommodation.Core.Application.csproj", "{5224C157-0B1B-437B-9E67-F8F70A68A61F}"
EndProject
Project("{FAE04EC0-301F-11D3-BF4B-00C04F79EFBC}") = "Binus.Accommodation.Core.Application.Command", "Services\Accommodation\Application\Binus.Accommodation.Core.Application.Command\Binus.Accommodation.Core.Application.Command.csproj", "{61F82011-F704-4B65-B1A4-9FAC9CA28E44}"
EndProject
Project("{FAE04EC0-301F-11D3-BF4B-00C04F79EFBC}") = "Binus.Accommodation.Core.Infrastructure", "Services\Accommodation\Infrastructure\Binus.Accommodation.Core.Infrastructure\Binus.Accommodation.Core.Infrastructure.csproj", "{26049A48-0CBB-43B8-B4B9-43B504F311A0}"
EndProject
Project("{FAE04EC0-301F-11D3-BF4B-00C04F79EFBC}") = "Binus.Accommodation.App.DbMigrations", "Services\Accommodation\Infrastructure\Binus.Accommodation.App.DbMigrations\Binus.Accommodation.App.DbMigrations.csproj", "{7A9CDEE4-04E1-48BD-B81D-CEF848D7C2E5}"
EndProject
Project("{FAE04EC0-301F-11D3-BF4B-00C04F79EFBC}") = "Binus.Services.Accommodation.API", "Services\Accommodation\Binus.Services.Accommodation.API\Binus.Services.Accommodation.API.csproj", "{99EE62DF-8BCF-4B90-832E-D41997B3C544}"
EndProject
Project("{2150E333-8FDC-42A3-9474-1A3956D46DE8}") = "AccommodationAgoda", "AccommodationAgoda", "{C1F8E213-354D-4B2B-9740-EFE6E73BD0AD}"
EndProject
Project("{2150E333-8FDC-42A3-9474-1A3956D46DE8}") = "Domain", "Domain", "{0DC245F4-0E48-448F-BC27-43CBC7A76BF0}"
EndProject
Project("{2150E333-8FDC-42A3-9474-1A3956D46DE8}") = "Application", "Application", "{7B2BF669-DBAB-45C1-968A-40057AED84A0}"
EndProject
Project("{2150E333-8FDC-42A3-9474-1A3956D46DE8}") = "Infrastructure", "Infrastructure", "{6317D14C-2ECF-4906-9C82-2EF457FB4C4A}"
EndProject
Project("{FAE04EC0-301F-11D3-BF4B-00C04F79EFBC}") = "Binus.AccommodationAgoda.Core.Constant", "Services\AccommodationAgoda\Domain\Binus.AccommodationAgoda.Core.Constant\Binus.AccommodationAgoda.Core.Constant.csproj", "{A736C6D7-FC5E-4679-B479-77B267081461}"
EndProject
Project("{FAE04EC0-301F-11D3-BF4B-00C04F79EFBC}") = "Binus.AccommodationAgoda.Core.Domain", "Services\AccommodationAgoda\Domain\Binus.AccommodationAgoda.Core.Domain\Binus.AccommodationAgoda.Core.Domain.csproj", "{95B03397-B439-4B3E-9561-2E76B0CB80CD}"
EndProject
Project("{FAE04EC0-301F-11D3-BF4B-00C04F79EFBC}") = "Binus.AccommodationAgoda.Core.Application", "Services\AccommodationAgoda\Application\Binus.AccommodationAgoda.Core.Application\Binus.AccommodationAgoda.Core.Application.csproj", "{90C4E170-F6EC-45B6-B1CB-A3B74B8EB534}"
EndProject
Project("{FAE04EC0-301F-11D3-BF4B-00C04F79EFBC}") = "Binus.AccommodationAgoda.Core.Application.Command", "Services\AccommodationAgoda\Application\Binus.AccommodationAgoda.Core.Application.Command\Binus.AccommodationAgoda.Core.Application.Command.csproj", "{0CE51B9A-C1A1-47B5-B356-FAE7C0C0741E}"
EndProject
Project("{FAE04EC0-301F-11D3-BF4B-00C04F79EFBC}") = "Binus.AccommodationAgoda.Core.Infrastructure", "Services\AccommodationAgoda\Infrastructure\Binus.AccommodationAgoda.Core.Infrastructure\Binus.AccommodationAgoda.Core.Infrastructure.csproj", "{AF4FF068-F022-41CC-90EB-1A6455DF517E}"
EndProject
Project("{FAE04EC0-301F-11D3-BF4B-00C04F79EFBC}") = "Binus.AccommodationAgoda.App.DbMigrations", "Services\AccommodationAgoda\Infrastructure\Binus.AccommodationAgoda.App.DbMigrations\Binus.AccommodationAgoda.App.DbMigrations.csproj", "{3DFA37C2-7756-4259-ABF3-D1F0AB9DD35A}"
EndProject
Project("{FAE04EC0-301F-11D3-BF4B-00C04F79EFBC}") = "Binus.Services.AccommodationAgoda.API", "Services\AccommodationAgoda\Binus.Services.AccommodationAgoda.API\Binus.Services.AccommodationAgoda.API.csproj", "{9495E244-E10F-4980-83E1-3BBE5769C8F7}"
EndProject
Project("{2150E333-8FDC-42A3-9474-1A3956D46DE8}") = "Flight", "Flight", "{0DE2BB5F-F7C4-46CC-B9D8-E9085981430A}"
EndProject
Project("{2150E333-8FDC-42A3-9474-1A3956D46DE8}") = "Domain", "Domain", "{37BB6CFC-FB87-4A4C-AA91-18FEF6E991FE}"
EndProject
Project("{2150E333-8FDC-42A3-9474-1A3956D46DE8}") = "Application", "Application", "{5DFCE787-470C-4886-90AC-76A1169093B1}"
EndProject
Project("{2150E333-8FDC-42A3-9474-1A3956D46DE8}") = "Infrastructure", "Infrastructure", "{B0F935B7-410F-459B-B5F5-1D20446F987E}"
EndProject
Project("{FAE04EC0-301F-11D3-BF4B-00C04F79EFBC}") = "Binus.Flight.Core.Constant", "Services\Flight\Domain\Binus.Flight.Core.Constant\Binus.Flight.Core.Constant.csproj", "{A41186D4-3C69-4BA8-928D-300ED6DB132C}"
EndProject
Project("{FAE04EC0-301F-11D3-BF4B-00C04F79EFBC}") = "Binus.Flight.Core.Domain", "Services\Flight\Domain\Binus.Flight.Core.Domain\Binus.Flight.Core.Domain.csproj", "{87947C4A-C46E-46F3-AC55-B6A777A54D92}"
EndProject
Project("{FAE04EC0-301F-11D3-BF4B-00C04F79EFBC}") = "Binus.Flight.Core.Application", "Services\Flight\Application\Binus.Flight.Core.Application\Binus.Flight.Core.Application.csproj", "{9D32AA5E-9137-4F70-9FF9-B6AECCB25401}"
EndProject
Project("{FAE04EC0-301F-11D3-BF4B-00C04F79EFBC}") = "Binus.Flight.Core.Application.Command", "Services\Flight\Application\Binus.Flight.Core.Application.Command\Binus.Flight.Core.Application.Command.csproj", "{7FC8B46B-BDEA-45D3-83CC-035BC558D1DC}"
EndProject
Project("{FAE04EC0-301F-11D3-BF4B-00C04F79EFBC}") = "Binus.Flight.Core.Infrastructure", "Services\Flight\Infrastructure\Binus.Flight.Core.Infrastructure\Binus.Flight.Core.Infrastructure.csproj", "{D04EBBBF-ADD2-42A9-8CF5-CF9F697F334B}"
EndProject
Project("{FAE04EC0-301F-11D3-BF4B-00C04F79EFBC}") = "Binus.Flight.App.DbMigrations", "Services\Flight\Infrastructure\Binus.Flight.App.DbMigrations\Binus.Flight.App.DbMigrations.csproj", "{C9EFFDA5-4488-4919-8C3B-94EAE0FCC998}"
EndProject
Project("{FAE04EC0-301F-11D3-BF4B-00C04F79EFBC}") = "Binus.Services.Flight.API", "Services\Flight\Binus.Services.Flight.API\Binus.Services.Flight.API.csproj", "{B263B01F-F111-424A-B7BA-B37661CC36B0}"
EndProject
Project("{2150E333-8FDC-42A3-9474-1A3956D46DE8}") = "FlightAmadeus", "FlightAmadeus", "{6BADE1A9-6E27-4DA6-BA4A-CE34FC9D5781}"
EndProject
Project("{2150E333-8FDC-42A3-9474-1A3956D46DE8}") = "Domain", "Domain", "{1073CD92-3415-4813-9E77-166DCC626ECB}"
EndProject
Project("{2150E333-8FDC-42A3-9474-1A3956D46DE8}") = "Application", "Application", "{EA4D3853-9529-45EB-9108-F4A4B9B1D4E2}"
EndProject
Project("{2150E333-8FDC-42A3-9474-1A3956D46DE8}") = "Infrastructure", "Infrastructure", "{32C3C1E3-5174-4C52-AF49-0C7B9565101D}"
EndProject
Project("{FAE04EC0-301F-11D3-BF4B-00C04F79EFBC}") = "Binus.FlightAmadeus.Core.Constant", "Services\FlightAmadeus\Domain\Binus.FlightAmadeus.Core.Constant\Binus.FlightAmadeus.Core.Constant.csproj", "{2CB02F5B-1AAA-48D5-BB8D-6A1301F9DFE2}"
EndProject
Project("{FAE04EC0-301F-11D3-BF4B-00C04F79EFBC}") = "Binus.FlightAmadeus.Core.Domain", "Services\FlightAmadeus\Domain\Binus.FlightAmadeus.Core.Domain\Binus.FlightAmadeus.Core.Domain.csproj", "{C364C979-1E78-4AE1-84DE-F926F41B7E04}"
EndProject
Project("{FAE04EC0-301F-11D3-BF4B-00C04F79EFBC}") = "Binus.FlightAmadeus.Core.Application", "Services\FlightAmadeus\Application\Binus.FlightAmadeus.Core.Application\Binus.FlightAmadeus.Core.Application.csproj", "{F08AA770-BBA4-4BC0-95E4-9C5152286367}"
EndProject
Project("{FAE04EC0-301F-11D3-BF4B-00C04F79EFBC}") = "Binus.FlightAmadeus.Core.Application.Command", "Services\FlightAmadeus\Application\Binus.FlightAmadeus.Core.Application.Command\Binus.FlightAmadeus.Core.Application.Command.csproj", "{988211DB-40DB-4373-B306-CCAAD9F6E6FE}"
EndProject
Project("{FAE04EC0-301F-11D3-BF4B-00C04F79EFBC}") = "Binus.FlightAmadeus.Core.Infrastructure", "Services\FlightAmadeus\Infrastructure\Binus.FlightAmadeus.Core.Infrastructure\Binus.FlightAmadeus.Core.Infrastructure.csproj", "{8C0F3BB1-229D-47A3-9BF8-22E26276E969}"
EndProject
Project("{FAE04EC0-301F-11D3-BF4B-00C04F79EFBC}") = "Binus.FlightAmadeus.App.DbMigrations", "Services\FlightAmadeus\Infrastructure\Binus.FlightAmadeus.App.DbMigrations\Binus.FlightAmadeus.App.DbMigrations.csproj", "{EA34A346-6278-4F93-9D1B-3F6DFE0D23A4}"
EndProject
Project("{FAE04EC0-301F-11D3-BF4B-00C04F79EFBC}") = "Binus.Services.FlightAmadeus.API", "Services\FlightAmadeus\Binus.Services.FlightAmadeus.API\Binus.Services.FlightAmadeus.API.csproj", "{8A27B5FA-F7CF-4E4E-8859-30230708EDF2}"
EndProject
Project("{2150E333-8FDC-42A3-9474-1A3956D46DE8}") = "Partner", "Partner", "{F12D0C3C-CA68-4E97-8542-45E9ADBD1CDF}"
EndProject
Project("{2150E333-8FDC-42A3-9474-1A3956D46DE8}") = "Domain", "Domain", "{1483553A-42DF-4140-9931-992C0ECF9C26}"
EndProject
Project("{2150E333-8FDC-42A3-9474-1A3956D46DE8}") = "Application", "Application", "{DDA0BB3F-C68F-495F-AEB2-DAACF27E444F}"
EndProject
Project("{2150E333-8FDC-42A3-9474-1A3956D46DE8}") = "Infrastructure", "Infrastructure", "{3311ADCA-7EE3-46BC-96DF-94ACE5CCC92F}"
EndProject
Project("{FAE04EC0-301F-11D3-BF4B-00C04F79EFBC}") = "Binus.Partner.Core.Constant", "Services\Partner\Domain\Binus.Partner.Core.Constant\Binus.Partner.Core.Constant.csproj", "{57F655E7-9D0E-499E-AA47-B116A5F2CD2D}"
EndProject
Project("{FAE04EC0-301F-11D3-BF4B-00C04F79EFBC}") = "Binus.Partner.Core.Domain", "Services\Partner\Domain\Binus.Partner.Core.Domain\Binus.Partner.Core.Domain.csproj", "{625E7648-5A83-4980-964B-C1749CAF3F15}"
EndProject
Project("{FAE04EC0-301F-11D3-BF4B-00C04F79EFBC}") = "Binus.Partner.Core.Application", "Services\Partner\Application\Binus.Partner.Core.Application\Binus.Partner.Core.Application.csproj", "{C8E174A8-8DC3-4201-80FB-D21A4C15595A}"
EndProject
Project("{FAE04EC0-301F-11D3-BF4B-00C04F79EFBC}") = "Binus.Partner.Core.Application.Command", "Services\Partner\Application\Binus.Partner.Core.Application.Command\Binus.Partner.Core.Application.Command.csproj", "{B80FCBDF-E7C7-4055-9ECF-2C0F883D9ED9}"
EndProject
Project("{FAE04EC0-301F-11D3-BF4B-00C04F79EFBC}") = "Binus.Partner.Core.Infrastructure", "Services\Partner\Infrastructure\Binus.Partner.Core.Infrastructure\Binus.Partner.Core.Infrastructure.csproj", "{5EB48ADA-F7EF-4139-AAFB-8E9EA9BC84C9}"
EndProject
Project("{FAE04EC0-301F-11D3-BF4B-00C04F79EFBC}") = "Binus.Partner.App.DbMigrations", "Services\Partner\Infrastructure\Binus.Partner.App.DbMigrations\Binus.Partner.App.DbMigrations.csproj", "{06F52100-0961-430A-943F-5F8F01ECBA11}"
EndProject
Project("{FAE04EC0-301F-11D3-BF4B-00C04F79EFBC}") = "Binus.Services.Partner.API", "Services\Partner\Binus.Services.Partner.API\Binus.Services.Partner.API.csproj", "{C2360E33-BCB4-4D47-9791-FA9BDF329EAB}"
EndProject
Project("{2150E333-8FDC-42A3-9474-1A3956D46DE8}") = "Customer", "Customer", "{2E74B132-861A-439F-B3F1-35273FC8BF9D}"
EndProject
Project("{2150E333-8FDC-42A3-9474-1A3956D46DE8}") = "Domain", "Domain", "{F895B684-68B4-4A50-9DF3-58A654D3ACA4}"
EndProject
Project("{2150E333-8FDC-42A3-9474-1A3956D46DE8}") = "Application", "Application", "{75B314DF-9AA3-4854-B5AE-35B60759EC57}"
EndProject
Project("{2150E333-8FDC-42A3-9474-1A3956D46DE8}") = "Infrastructure", "Infrastructure", "{49D8125B-075C-4C7B-BF79-D75C1DCCF110}"
EndProject
Project("{FAE04EC0-301F-11D3-BF4B-00C04F79EFBC}") = "Binus.Customer.Core.Constant", "Services\Customer\Domain\Binus.Customer.Core.Constant\Binus.Customer.Core.Constant.csproj", "{B197D72A-95B4-4E23-84B7-45DAE89DD945}"
EndProject
Project("{FAE04EC0-301F-11D3-BF4B-00C04F79EFBC}") = "Binus.Customer.Core.Domain", "Services\Customer\Domain\Binus.Customer.Core.Domain\Binus.Customer.Core.Domain.csproj", "{20F05359-1580-4B1A-BB20-6D7DF39A045E}"
EndProject
Project("{FAE04EC0-301F-11D3-BF4B-00C04F79EFBC}") = "Binus.Customer.Core.Application", "Services\Customer\Application\Binus.Customer.Core.Application\Binus.Customer.Core.Application.csproj", "{9C3DCFFC-9FC7-40C0-AD30-8A7B675AEF08}"
EndProject
Project("{FAE04EC0-301F-11D3-BF4B-00C04F79EFBC}") = "Binus.Customer.Core.Application.Command", "Services\Customer\Application\Binus.Customer.Core.Application.Command\Binus.Customer.Core.Application.Command.csproj", "{3662D9A8-49BD-4597-991F-080BBB9DFB3E}"
EndProject
Project("{FAE04EC0-301F-11D3-BF4B-00C04F79EFBC}") = "Binus.Customer.Core.Infrastructure", "Services\Customer\Infrastructure\Binus.Customer.Core.Infrastructure\Binus.Customer.Core.Infrastructure.csproj", "{0B228443-592E-4542-A9D4-028B47667C32}"
EndProject
Project("{FAE04EC0-301F-11D3-BF4B-00C04F79EFBC}") = "Binus.Customer.App.DbMigrations", "Services\Customer\Infrastructure\Binus.Customer.App.DbMigrations\Binus.Customer.App.DbMigrations.csproj", "{539E4ED2-AD82-4A60-A9C6-CFDFDDD46323}"
EndProject
Project("{FAE04EC0-301F-11D3-BF4B-00C04F79EFBC}") = "Binus.Services.Customer.API", "Services\Customer\Binus.Services.Customer.API\Binus.Services.Customer.API.csproj", "{F9291D91-2A43-47CC-8A88-7FB26011F0B0}"
EndProject
Project("{2150E333-8FDC-42A3-9474-1A3956D46DE8}") = "Reporting", "Reporting", "{18CC8D0A-240D-47FF-8B7B-64EF87B58DEB}"
EndProject
Project("{2150E333-8FDC-42A3-9474-1A3956D46DE8}") = "Domain", "Domain", "{E809161A-4937-44BD-AC29-55ECC70783B5}"
EndProject
Project("{2150E333-8FDC-42A3-9474-1A3956D46DE8}") = "Application", "Application", "{6F1D106D-8D0C-4D6F-9A1B-06DADF2E1C64}"
EndProject
Project("{2150E333-8FDC-42A3-9474-1A3956D46DE8}") = "Infrastructure", "Infrastructure", "{59070032-4677-490C-B06B-D5EAFF550FFF}"
EndProject
Project("{FAE04EC0-301F-11D3-BF4B-00C04F79EFBC}") = "Binus.Reporting.Core.Constant", "Services\Reporting\Domain\Binus.Reporting.Core.Constant\Binus.Reporting.Core.Constant.csproj", "{1AFCEF42-A2DE-4BF7-9E24-D1716B4DA0F0}"
EndProject
Project("{FAE04EC0-301F-11D3-BF4B-00C04F79EFBC}") = "Binus.Reporting.Core.Domain", "Services\Reporting\Domain\Binus.Reporting.Core.Domain\Binus.Reporting.Core.Domain.csproj", "{C821A9B2-0DC5-4CAE-9368-8F0AF2CD2E2C}"
EndProject
Project("{FAE04EC0-301F-11D3-BF4B-00C04F79EFBC}") = "Binus.Reporting.Core.Application", "Services\Reporting\Application\Binus.Reporting.Core.Application\Binus.Reporting.Core.Application.csproj", "{AFEAC11E-9450-4B45-9DDD-AD36B690A902}"
EndProject
Project("{FAE04EC0-301F-11D3-BF4B-00C04F79EFBC}") = "Binus.Reporting.Core.Application.Command", "Services\Reporting\Application\Binus.Reporting.Core.Application.Command\Binus.Reporting.Core.Application.Command.csproj", "{4495DC2A-468C-4F30-A59C-1049F940901E}"
EndProject
Project("{FAE04EC0-301F-11D3-BF4B-00C04F79EFBC}") = "Binus.Reporting.App.DbMigrations", "Services\Reporting\Infrastructure\Binus.Reporting.App.DbMigrations\Binus.Reporting.App.DbMigrations.csproj", "{1157DFDC-85F3-4D7F-B838-ACB128A83E5E}"
EndProject
Project("{FAE04EC0-301F-11D3-BF4B-00C04F79EFBC}") = "Binus.Reporting.Core.Infrastructure", "Services\Reporting\Infrastructure\Binus.Reporting.Core.Infrastructure\Binus.Reporting.Core.Infrastructure.csproj", "{0DC2617F-A769-4327-8A81-8BBF94F8A0DE}"
EndProject
Project("{FAE04EC0-301F-11D3-BF4B-00C04F79EFBC}") = "Binus.Services.Reporting.API", "Services\Reporting\Binus.Services.Reporting.API\Binus.Services.Reporting.API.csproj", "{C99C9CA3-683F-4675-A190-56D43D070D4C}"
EndProject
Project("{2150E333-8FDC-42A3-9474-1A3956D46DE8}") = "Activities", "Activities", "{1AFDAC2E-526B-4B36-99FA-9546ADAF377B}"
EndProject
Project("{2150E333-8FDC-42A3-9474-1A3956D46DE8}") = "Domain", "Domain", "{FB6F74B9-F373-4578-9156-DA20F71DC3D2}"
EndProject
Project("{2150E333-8FDC-42A3-9474-1A3956D46DE8}") = "Application", "Application", "{07D6E61D-7EF2-45A7-91AC-EAD4F2580149}"
EndProject
Project("{2150E333-8FDC-42A3-9474-1A3956D46DE8}") = "Infrastructure", "Infrastructure", "{B7E80818-F905-4AEF-AB54-8BCE9A5C1376}"
EndProject
Project("{FAE04EC0-301F-11D3-BF4B-00C04F79EFBC}") = "Binus.Activities.Core.Constant", "Services\Activities\Domain\Binus.Activities.Core.Constant\Binus.Activities.Core.Constant.csproj", "{0CDDA8C1-76D3-4595-8DB8-8DC9CC772BCF}"
EndProject
Project("{FAE04EC0-301F-11D3-BF4B-00C04F79EFBC}") = "Binus.Activities.Core.Domain", "Services\Activities\Domain\Binus.Activities.Core.Domain\Binus.Activities.Core.Domain.csproj", "{57808A6C-D637-459E-9F05-227B7F104178}"
EndProject
Project("{FAE04EC0-301F-11D3-BF4B-00C04F79EFBC}") = "Binus.Activities.Core.Application", "Services\Activities\Application\Binus.Activities.Core.Application\Binus.Activities.Core.Application.csproj", "{C01E01A1-FE17-4A38-80F5-63A050884078}"
EndProject
Project("{FAE04EC0-301F-11D3-BF4B-00C04F79EFBC}") = "Binus.Activities.Core.Application.Command", "Services\Activities\Application\Binus.Activities.Core.Application.Command\Binus.Activities.Core.Application.Command.csproj", "{A269E415-D966-4AEB-872C-2A8CD9C70B3A}"
EndProject
Project("{FAE04EC0-301F-11D3-BF4B-00C04F79EFBC}") = "Binus.Activities.Core.Infrastructure", "Services\Activities\Infrastructure\Binus.Activities.Core.Infrastructure\Binus.Activities.Core.Infrastructure.csproj", "{2D8A23DC-4B37-464F-B036-B14533640C1A}"
EndProject
Project("{FAE04EC0-301F-11D3-BF4B-00C04F79EFBC}") = "Binus.Activities.App.DbMigrations", "Services\Activities\Infrastructure\Binus.Activities.App.DbMigrations\Binus.Activities.App.DbMigrations.csproj", "{BC989838-C051-491C-B06C-0FB10D36A8DA}"
EndProject
Project("{FAE04EC0-301F-11D3-BF4B-00C04F79EFBC}") = "Binus.Services.Activities.API", "Services\Activities\Binus.Services.Activities.API\Binus.Services.Activities.API.csproj", "{64EF85C0-0A7D-4D98-AEE1-8772F298AD67}"
EndProject
Project("{2150E333-8FDC-42A3-9474-1A3956D46DE8}") = "ActivitiesVendor", "ActivitiesVendor", "{FE3530A8-0A5A-4399-AE65-6633D0D60F19}"
EndProject
Project("{2150E333-8FDC-42A3-9474-1A3956D46DE8}") = "Domain", "Domain", "{6455FE05-F585-4948-BF38-EC581DE9D613}"
EndProject
Project("{2150E333-8FDC-42A3-9474-1A3956D46DE8}") = "Application", "Application", "{E65DDB76-2606-41F2-8178-D26224B89EAB}"
EndProject
Project("{2150E333-8FDC-42A3-9474-1A3956D46DE8}") = "Infrastructure", "Infrastructure", "{9747F8F7-9B18-493C-90BF-F34A51837485}"
EndProject
Project("{FAE04EC0-301F-11D3-BF4B-00C04F79EFBC}") = "Binus.ActivitiesVendor.Core.Constant", "Services\ActivitiesVendor\Domain\Binus.ActivitiesVendor.Core.Constant\Binus.ActivitiesVendor.Core.Constant.csproj", "{679FF8D2-56A9-4318-9FC9-03D6EEECBC83}"
EndProject
Project("{FAE04EC0-301F-11D3-BF4B-00C04F79EFBC}") = "Binus.ActivitiesVendor.Core.Domain", "Services\ActivitiesVendor\Domain\Binus.ActivitiesVendor.Core.Domain\Binus.ActivitiesVendor.Core.Domain.csproj", "{4888603A-4D1E-4A22-B412-4FA4D37641BA}"
EndProject
Project("{FAE04EC0-301F-11D3-BF4B-00C04F79EFBC}") = "Binus.ActivitiesVendor.Core.Application", "Services\ActivitiesVendor\Application\Binus.ActivitiesVendor.Core.Application\Binus.ActivitiesVendor.Core.Application.csproj", "{BD792E5C-2E07-4D10-AA91-25544D07CC5B}"
EndProject
Project("{FAE04EC0-301F-11D3-BF4B-00C04F79EFBC}") = "Binus.ActivitiesVendor.Core.Application.Command", "Services\ActivitiesVendor\Application\Binus.ActivitiesVendor.Core.Application.Command\Binus.ActivitiesVendor.Core.Application.Command.csproj", "{D7E39F77-E294-45D8-94DA-C422E812A726}"
EndProject
Project("{FAE04EC0-301F-11D3-BF4B-00C04F79EFBC}") = "Binus.ActivitiesVendor.Core.Infrastructure", "Services\ActivitiesVendor\Infrastructure\Binus.ActivitiesVendor.Core.Infrastructure\Binus.ActivitiesVendor.Core.Infrastructure.csproj", "{AF37E7CE-5730-44C9-BDF6-D1B2E8665495}"
EndProject
Project("{FAE04EC0-301F-11D3-BF4B-00C04F79EFBC}") = "Binus.ActivitiesVendor.App.DbMigrations", "Services\ActivitiesVendor\Infrastructure\Binus.ActivitiesVendor.App.DbMigrations\Binus.ActivitiesVendor.App.DbMigrations.csproj", "{638D2DD3-E36C-4DD6-9AA0-6181076A7D18}"
EndProject
Project("{FAE04EC0-301F-11D3-BF4B-00C04F79EFBC}") = "Binus.Services.ActivitiesVendor.API", "Services\ActivitiesVendor\Binus.Services.ActivitiesVendor.API\Binus.Services.ActivitiesVendor.API.csproj", "{ECA755F2-3750-4899-A525-3191EAD3260F}"
EndProject
Global
	GlobalSection(SolutionConfigurationPlatforms) = preSolution
		Debug|Any CPU = Debug|Any CPU
		Release|Any CPU = Release|Any CPU
	EndGlobalSection
	GlobalSection(ProjectConfigurationPlatforms) = postSolution
		{85ED2DEA-F964-4905-B0F3-21E981035DD5}.Debug|Any CPU.ActiveCfg = Debug|Any CPU
		{85ED2DEA-F964-4905-B0F3-21E981035DD5}.Debug|Any CPU.Build.0 = Debug|Any CPU
		{85ED2DEA-F964-4905-B0F3-21E981035DD5}.Release|Any CPU.ActiveCfg = Release|Any CPU
		{85ED2DEA-F964-4905-B0F3-21E981035DD5}.Release|Any CPU.Build.0 = Release|Any CPU
		{980A57D2-4F21-46CF-87BE-89CD328B46EA}.Debug|Any CPU.ActiveCfg = Debug|Any CPU
		{980A57D2-4F21-46CF-87BE-89CD328B46EA}.Debug|Any CPU.Build.0 = Debug|Any CPU
		{980A57D2-4F21-46CF-87BE-89CD328B46EA}.Release|Any CPU.ActiveCfg = Release|Any CPU
		{980A57D2-4F21-46CF-87BE-89CD328B46EA}.Release|Any CPU.Build.0 = Release|Any CPU
		{B6869BEB-B1E8-4AD9-962B-9DC9B895EE99}.Debug|Any CPU.ActiveCfg = Debug|Any CPU
		{B6869BEB-B1E8-4AD9-962B-9DC9B895EE99}.Debug|Any CPU.Build.0 = Debug|Any CPU
		{B6869BEB-B1E8-4AD9-962B-9DC9B895EE99}.Release|Any CPU.ActiveCfg = Release|Any CPU
		{B6869BEB-B1E8-4AD9-962B-9DC9B895EE99}.Release|Any CPU.Build.0 = Release|Any CPU
		{61CFFEBC-A995-4C18-921A-1531FAFA1C9D}.Debug|Any CPU.ActiveCfg = Debug|Any CPU
		{61CFFEBC-A995-4C18-921A-1531FAFA1C9D}.Debug|Any CPU.Build.0 = Debug|Any CPU
		{61CFFEBC-A995-4C18-921A-1531FAFA1C9D}.Release|Any CPU.ActiveCfg = Release|Any CPU
		{61CFFEBC-A995-4C18-921A-1531FAFA1C9D}.Release|Any CPU.Build.0 = Release|Any CPU
		{66468068-715D-4365-B3C4-37620F6FF504}.Debug|Any CPU.ActiveCfg = Debug|Any CPU
		{66468068-715D-4365-B3C4-37620F6FF504}.Debug|Any CPU.Build.0 = Debug|Any CPU
		{66468068-715D-4365-B3C4-37620F6FF504}.Release|Any CPU.ActiveCfg = Release|Any CPU
		{66468068-715D-4365-B3C4-37620F6FF504}.Release|Any CPU.Build.0 = Release|Any CPU
		{64907E80-CCA0-41E5-B2B8-3944C30C1DD6}.Debug|Any CPU.ActiveCfg = Debug|Any CPU
		{64907E80-CCA0-41E5-B2B8-3944C30C1DD6}.Debug|Any CPU.Build.0 = Debug|Any CPU
		{64907E80-CCA0-41E5-B2B8-3944C30C1DD6}.Release|Any CPU.ActiveCfg = Release|Any CPU
		{64907E80-CCA0-41E5-B2B8-3944C30C1DD6}.Release|Any CPU.Build.0 = Release|Any CPU
		{2CC82E1C-1C46-404B-97BC-54B02B0D367A}.Debug|Any CPU.ActiveCfg = Debug|Any CPU
		{2CC82E1C-1C46-404B-97BC-54B02B0D367A}.Debug|Any CPU.Build.0 = Debug|Any CPU
		{2CC82E1C-1C46-404B-97BC-54B02B0D367A}.Release|Any CPU.ActiveCfg = Release|Any CPU
		{2CC82E1C-1C46-404B-97BC-54B02B0D367A}.Release|Any CPU.Build.0 = Release|Any CPU
		{B886998D-EAB1-4DCC-8102-A73BA4D19C17}.Debug|Any CPU.ActiveCfg = Debug|Any CPU
		{B886998D-EAB1-4DCC-8102-A73BA4D19C17}.Debug|Any CPU.Build.0 = Debug|Any CPU
		{B886998D-EAB1-4DCC-8102-A73BA4D19C17}.Release|Any CPU.ActiveCfg = Release|Any CPU
		{B886998D-EAB1-4DCC-8102-A73BA4D19C17}.Release|Any CPU.Build.0 = Release|Any CPU
		{A3B13B70-D5F8-4E18-8718-A82B0C11C5B1}.Debug|Any CPU.ActiveCfg = Debug|Any CPU
		{A3B13B70-D5F8-4E18-8718-A82B0C11C5B1}.Debug|Any CPU.Build.0 = Debug|Any CPU
		{A3B13B70-D5F8-4E18-8718-A82B0C11C5B1}.Release|Any CPU.ActiveCfg = Release|Any CPU
		{A3B13B70-D5F8-4E18-8718-A82B0C11C5B1}.Release|Any CPU.Build.0 = Release|Any CPU
		{DC5CE627-ED14-4F47-80B1-94DDD50EEAFD}.Debug|Any CPU.ActiveCfg = Debug|Any CPU
		{DC5CE627-ED14-4F47-80B1-94DDD50EEAFD}.Debug|Any CPU.Build.0 = Debug|Any CPU
		{DC5CE627-ED14-4F47-80B1-94DDD50EEAFD}.Release|Any CPU.ActiveCfg = Release|Any CPU
		{DC5CE627-ED14-4F47-80B1-94DDD50EEAFD}.Release|Any CPU.Build.0 = Release|Any CPU
		{D6806F66-B716-4A34-A144-C4DE8DC63909}.Debug|Any CPU.ActiveCfg = Debug|Any CPU
		{D6806F66-B716-4A34-A144-C4DE8DC63909}.Debug|Any CPU.Build.0 = Debug|Any CPU
		{D6806F66-B716-4A34-A144-C4DE8DC63909}.Release|Any CPU.ActiveCfg = Release|Any CPU
		{D6806F66-B716-4A34-A144-C4DE8DC63909}.Release|Any CPU.Build.0 = Release|Any CPU
		{D3B60544-D75F-49A2-ABEE-FD326AA1F30A}.Debug|Any CPU.ActiveCfg = Debug|Any CPU
		{D3B60544-D75F-49A2-ABEE-FD326AA1F30A}.Debug|Any CPU.Build.0 = Debug|Any CPU
		{D3B60544-D75F-49A2-ABEE-FD326AA1F30A}.Release|Any CPU.ActiveCfg = Release|Any CPU
		{D3B60544-D75F-49A2-ABEE-FD326AA1F30A}.Release|Any CPU.Build.0 = Release|Any CPU
		{2E744544-F397-4317-984C-BD3FAEE5D35B}.Debug|Any CPU.ActiveCfg = Debug|Any CPU
		{2E744544-F397-4317-984C-BD3FAEE5D35B}.Debug|Any CPU.Build.0 = Debug|Any CPU
		{2E744544-F397-4317-984C-BD3FAEE5D35B}.Release|Any CPU.ActiveCfg = Release|Any CPU
		{2E744544-F397-4317-984C-BD3FAEE5D35B}.Release|Any CPU.Build.0 = Release|Any CPU
		{666D4218-00D2-435B-B442-9C54FFC1BD55}.Debug|Any CPU.ActiveCfg = Debug|Any CPU
		{666D4218-00D2-435B-B442-9C54FFC1BD55}.Debug|Any CPU.Build.0 = Debug|Any CPU
		{666D4218-00D2-435B-B442-9C54FFC1BD55}.Release|Any CPU.ActiveCfg = Release|Any CPU
		{666D4218-00D2-435B-B442-9C54FFC1BD55}.Release|Any CPU.Build.0 = Release|Any CPU
		{CD3D70F5-E429-4004-AC87-2C2A7CDF6165}.Debug|Any CPU.ActiveCfg = Debug|Any CPU
		{CD3D70F5-E429-4004-AC87-2C2A7CDF6165}.Debug|Any CPU.Build.0 = Debug|Any CPU
		{CD3D70F5-E429-4004-AC87-2C2A7CDF6165}.Release|Any CPU.ActiveCfg = Release|Any CPU
		{CD3D70F5-E429-4004-AC87-2C2A7CDF6165}.Release|Any CPU.Build.0 = Release|Any CPU
		{494A02FF-C294-4F83-BA26-136ACFAC4DCF}.Debug|Any CPU.ActiveCfg = Debug|Any CPU
		{494A02FF-C294-4F83-BA26-136ACFAC4DCF}.Debug|Any CPU.Build.0 = Debug|Any CPU
		{494A02FF-C294-4F83-BA26-136ACFAC4DCF}.Release|Any CPU.ActiveCfg = Release|Any CPU
		{494A02FF-C294-4F83-BA26-136ACFAC4DCF}.Release|Any CPU.Build.0 = Release|Any CPU
		{4886EA11-EA5D-4E4D-B1B3-B3CA4B06C79D}.Debug|Any CPU.ActiveCfg = Debug|Any CPU
		{4886EA11-EA5D-4E4D-B1B3-B3CA4B06C79D}.Debug|Any CPU.Build.0 = Debug|Any CPU
		{4886EA11-EA5D-4E4D-B1B3-B3CA4B06C79D}.Release|Any CPU.ActiveCfg = Release|Any CPU
		{4886EA11-EA5D-4E4D-B1B3-B3CA4B06C79D}.Release|Any CPU.Build.0 = Release|Any CPU
		{9B4AAA02-45EC-4498-8ED7-419365151DE2}.Debug|Any CPU.ActiveCfg = Debug|Any CPU
		{9B4AAA02-45EC-4498-8ED7-419365151DE2}.Debug|Any CPU.Build.0 = Debug|Any CPU
		{9B4AAA02-45EC-4498-8ED7-419365151DE2}.Release|Any CPU.ActiveCfg = Release|Any CPU
		{9B4AAA02-45EC-4498-8ED7-419365151DE2}.Release|Any CPU.Build.0 = Release|Any CPU
		{9D5FFEFF-17AF-4461-B1F5-E777B1D69B4F}.Debug|Any CPU.ActiveCfg = Debug|Any CPU
		{9D5FFEFF-17AF-4461-B1F5-E777B1D69B4F}.Debug|Any CPU.Build.0 = Debug|Any CPU
		{9D5FFEFF-17AF-4461-B1F5-E777B1D69B4F}.Release|Any CPU.ActiveCfg = Release|Any CPU
		{9D5FFEFF-17AF-4461-B1F5-E777B1D69B4F}.Release|Any CPU.Build.0 = Release|Any CPU
		{DCC2A352-1666-4936-885B-B4B85D584B66}.Debug|Any CPU.ActiveCfg = Debug|Any CPU
		{DCC2A352-1666-4936-885B-B4B85D584B66}.Debug|Any CPU.Build.0 = Debug|Any CPU
		{DCC2A352-1666-4936-885B-B4B85D584B66}.Release|Any CPU.ActiveCfg = Release|Any CPU
		{DCC2A352-1666-4936-885B-B4B85D584B66}.Release|Any CPU.Build.0 = Release|Any CPU
		{458A4E52-29E2-459F-AE14-995236884A81}.Debug|Any CPU.ActiveCfg = Debug|Any CPU
		{458A4E52-29E2-459F-AE14-995236884A81}.Debug|Any CPU.Build.0 = Debug|Any CPU
		{458A4E52-29E2-459F-AE14-995236884A81}.Release|Any CPU.ActiveCfg = Release|Any CPU
		{458A4E52-29E2-459F-AE14-995236884A81}.Release|Any CPU.Build.0 = Release|Any CPU
		{E45E03B2-46FB-413A-A197-D1ED16AB027D}.Debug|Any CPU.ActiveCfg = Debug|Any CPU
		{E45E03B2-46FB-413A-A197-D1ED16AB027D}.Debug|Any CPU.Build.0 = Debug|Any CPU
		{E45E03B2-46FB-413A-A197-D1ED16AB027D}.Release|Any CPU.ActiveCfg = Release|Any CPU
		{E45E03B2-46FB-413A-A197-D1ED16AB027D}.Release|Any CPU.Build.0 = Release|Any CPU
		{3817D6D9-364D-404B-9F74-C82C5CDF1901}.Debug|Any CPU.ActiveCfg = Debug|Any CPU
		{3817D6D9-364D-404B-9F74-C82C5CDF1901}.Debug|Any CPU.Build.0 = Debug|Any CPU
		{3817D6D9-364D-404B-9F74-C82C5CDF1901}.Release|Any CPU.ActiveCfg = Release|Any CPU
		{3817D6D9-364D-404B-9F74-C82C5CDF1901}.Release|Any CPU.Build.0 = Release|Any CPU
		{E9946CCC-F56B-4F39-98D7-275B78F20458}.Debug|Any CPU.ActiveCfg = Debug|Any CPU
		{E9946CCC-F56B-4F39-98D7-275B78F20458}.Debug|Any CPU.Build.0 = Debug|Any CPU
		{E9946CCC-F56B-4F39-98D7-275B78F20458}.Release|Any CPU.ActiveCfg = Release|Any CPU
		{E9946CCC-F56B-4F39-98D7-275B78F20458}.Release|Any CPU.Build.0 = Release|Any CPU
		{CB689448-506D-4E61-A3FE-3597B4E2BDC4}.Debug|Any CPU.ActiveCfg = Debug|Any CPU
		{CB689448-506D-4E61-A3FE-3597B4E2BDC4}.Debug|Any CPU.Build.0 = Debug|Any CPU
		{CB689448-506D-4E61-A3FE-3597B4E2BDC4}.Release|Any CPU.ActiveCfg = Release|Any CPU
		{CB689448-506D-4E61-A3FE-3597B4E2BDC4}.Release|Any CPU.Build.0 = Release|Any CPU
		{61F58E43-3346-41DA-B9F8-4E0547B097A4}.Debug|Any CPU.ActiveCfg = Debug|Any CPU
		{61F58E43-3346-41DA-B9F8-4E0547B097A4}.Debug|Any CPU.Build.0 = Debug|Any CPU
		{61F58E43-3346-41DA-B9F8-4E0547B097A4}.Release|Any CPU.ActiveCfg = Release|Any CPU
		{61F58E43-3346-41DA-B9F8-4E0547B097A4}.Release|Any CPU.Build.0 = Release|Any CPU
		{D695EA98-DA82-402F-B14A-5792F4332F4B}.Debug|Any CPU.ActiveCfg = Debug|Any CPU
		{D695EA98-DA82-402F-B14A-5792F4332F4B}.Debug|Any CPU.Build.0 = Debug|Any CPU
		{D695EA98-DA82-402F-B14A-5792F4332F4B}.Release|Any CPU.ActiveCfg = Release|Any CPU
		{D695EA98-DA82-402F-B14A-5792F4332F4B}.Release|Any CPU.Build.0 = Release|Any CPU
		{2361C4E9-A8E1-4620-B630-022D221BCC8D}.Debug|Any CPU.ActiveCfg = Debug|Any CPU
		{2361C4E9-A8E1-4620-B630-022D221BCC8D}.Debug|Any CPU.Build.0 = Debug|Any CPU
		{2361C4E9-A8E1-4620-B630-022D221BCC8D}.Release|Any CPU.ActiveCfg = Release|Any CPU
		{2361C4E9-A8E1-4620-B630-022D221BCC8D}.Release|Any CPU.Build.0 = Release|Any CPU
		{63C95E5B-47A4-4760-8B3C-24C8E6002BBD}.Debug|Any CPU.ActiveCfg = Debug|Any CPU
		{63C95E5B-47A4-4760-8B3C-24C8E6002BBD}.Debug|Any CPU.Build.0 = Debug|Any CPU
		{63C95E5B-47A4-4760-8B3C-24C8E6002BBD}.Release|Any CPU.ActiveCfg = Release|Any CPU
		{63C95E5B-47A4-4760-8B3C-24C8E6002BBD}.Release|Any CPU.Build.0 = Release|Any CPU
		{2F13EF34-0C06-497F-924F-B4E1AEE8EA09}.Debug|Any CPU.ActiveCfg = Debug|Any CPU
		{2F13EF34-0C06-497F-924F-B4E1AEE8EA09}.Debug|Any CPU.Build.0 = Debug|Any CPU
		{2F13EF34-0C06-497F-924F-B4E1AEE8EA09}.Release|Any CPU.ActiveCfg = Release|Any CPU
		{2F13EF34-0C06-497F-924F-B4E1AEE8EA09}.Release|Any CPU.Build.0 = Release|Any CPU
		{F65B536F-DC87-43BD-A1A4-E5EB671C17AE}.Debug|Any CPU.ActiveCfg = Debug|Any CPU
		{F65B536F-DC87-43BD-A1A4-E5EB671C17AE}.Debug|Any CPU.Build.0 = Debug|Any CPU
		{F65B536F-DC87-43BD-A1A4-E5EB671C17AE}.Release|Any CPU.ActiveCfg = Release|Any CPU
		{F65B536F-DC87-43BD-A1A4-E5EB671C17AE}.Release|Any CPU.Build.0 = Release|Any CPU
		{D651E6F2-012A-4FBA-9605-36076CE2125C}.Debug|Any CPU.ActiveCfg = Debug|Any CPU
		{D651E6F2-012A-4FBA-9605-36076CE2125C}.Debug|Any CPU.Build.0 = Debug|Any CPU
		{D651E6F2-012A-4FBA-9605-36076CE2125C}.Release|Any CPU.ActiveCfg = Release|Any CPU
		{D651E6F2-012A-4FBA-9605-36076CE2125C}.Release|Any CPU.Build.0 = Release|Any CPU
		{B994BA0B-5839-4EE3-B17D-FAFDF7CB94AF}.Debug|Any CPU.ActiveCfg = Debug|Any CPU
		{B994BA0B-5839-4EE3-B17D-FAFDF7CB94AF}.Debug|Any CPU.Build.0 = Debug|Any CPU
		{B994BA0B-5839-4EE3-B17D-FAFDF7CB94AF}.Release|Any CPU.ActiveCfg = Release|Any CPU
		{B994BA0B-5839-4EE3-B17D-FAFDF7CB94AF}.Release|Any CPU.Build.0 = Release|Any CPU
		{6EAF334B-1647-477B-A923-085AEE5736CC}.Debug|Any CPU.ActiveCfg = Debug|Any CPU
		{6EAF334B-1647-477B-A923-085AEE5736CC}.Debug|Any CPU.Build.0 = Debug|Any CPU
		{6EAF334B-1647-477B-A923-085AEE5736CC}.Release|Any CPU.ActiveCfg = Release|Any CPU
		{6EAF334B-1647-477B-A923-085AEE5736CC}.Release|Any CPU.Build.0 = Release|Any CPU
		{868FDB9C-42B2-465E-9F48-8E3578A9189F}.Debug|Any CPU.ActiveCfg = Debug|Any CPU
		{868FDB9C-42B2-465E-9F48-8E3578A9189F}.Debug|Any CPU.Build.0 = Debug|Any CPU
		{868FDB9C-42B2-465E-9F48-8E3578A9189F}.Release|Any CPU.ActiveCfg = Release|Any CPU
		{868FDB9C-42B2-465E-9F48-8E3578A9189F}.Release|Any CPU.Build.0 = Release|Any CPU
		{C6C25B11-CC9F-4A48-BADF-A30DA3E145EF}.Debug|Any CPU.ActiveCfg = Debug|Any CPU
		{C6C25B11-CC9F-4A48-BADF-A30DA3E145EF}.Debug|Any CPU.Build.0 = Debug|Any CPU
		{C6C25B11-CC9F-4A48-BADF-A30DA3E145EF}.Release|Any CPU.ActiveCfg = Release|Any CPU
		{C6C25B11-CC9F-4A48-BADF-A30DA3E145EF}.Release|Any CPU.Build.0 = Release|Any CPU
		{1CE521C7-CC27-4A66-9610-AA0E90AD30BE}.Debug|Any CPU.ActiveCfg = Debug|Any CPU
		{1CE521C7-CC27-4A66-9610-AA0E90AD30BE}.Debug|Any CPU.Build.0 = Debug|Any CPU
		{1CE521C7-CC27-4A66-9610-AA0E90AD30BE}.Release|Any CPU.ActiveCfg = Release|Any CPU
		{1CE521C7-CC27-4A66-9610-AA0E90AD30BE}.Release|Any CPU.Build.0 = Release|Any CPU
		{5224C157-0B1B-437B-9E67-F8F70A68A61F}.Debug|Any CPU.ActiveCfg = Debug|Any CPU
		{5224C157-0B1B-437B-9E67-F8F70A68A61F}.Debug|Any CPU.Build.0 = Debug|Any CPU
		{5224C157-0B1B-437B-9E67-F8F70A68A61F}.Release|Any CPU.ActiveCfg = Release|Any CPU
		{5224C157-0B1B-437B-9E67-F8F70A68A61F}.Release|Any CPU.Build.0 = Release|Any CPU
		{61F82011-F704-4B65-B1A4-9FAC9CA28E44}.Debug|Any CPU.ActiveCfg = Debug|Any CPU
		{61F82011-F704-4B65-B1A4-9FAC9CA28E44}.Debug|Any CPU.Build.0 = Debug|Any CPU
		{61F82011-F704-4B65-B1A4-9FAC9CA28E44}.Release|Any CPU.ActiveCfg = Release|Any CPU
		{61F82011-F704-4B65-B1A4-9FAC9CA28E44}.Release|Any CPU.Build.0 = Release|Any CPU
		{26049A48-0CBB-43B8-B4B9-43B504F311A0}.Debug|Any CPU.ActiveCfg = Debug|Any CPU
		{26049A48-0CBB-43B8-B4B9-43B504F311A0}.Debug|Any CPU.Build.0 = Debug|Any CPU
		{26049A48-0CBB-43B8-B4B9-43B504F311A0}.Release|Any CPU.ActiveCfg = Release|Any CPU
		{26049A48-0CBB-43B8-B4B9-43B504F311A0}.Release|Any CPU.Build.0 = Release|Any CPU
		{7A9CDEE4-04E1-48BD-B81D-CEF848D7C2E5}.Debug|Any CPU.ActiveCfg = Debug|Any CPU
		{7A9CDEE4-04E1-48BD-B81D-CEF848D7C2E5}.Debug|Any CPU.Build.0 = Debug|Any CPU
		{7A9CDEE4-04E1-48BD-B81D-CEF848D7C2E5}.Release|Any CPU.ActiveCfg = Release|Any CPU
		{7A9CDEE4-04E1-48BD-B81D-CEF848D7C2E5}.Release|Any CPU.Build.0 = Release|Any CPU
		{99EE62DF-8BCF-4B90-832E-D41997B3C544}.Debug|Any CPU.ActiveCfg = Debug|Any CPU
		{99EE62DF-8BCF-4B90-832E-D41997B3C544}.Debug|Any CPU.Build.0 = Debug|Any CPU
		{99EE62DF-8BCF-4B90-832E-D41997B3C544}.Release|Any CPU.ActiveCfg = Release|Any CPU
		{99EE62DF-8BCF-4B90-832E-D41997B3C544}.Release|Any CPU.Build.0 = Release|Any CPU
		{A736C6D7-FC5E-4679-B479-77B267081461}.Debug|Any CPU.ActiveCfg = Debug|Any CPU
		{A736C6D7-FC5E-4679-B479-77B267081461}.Debug|Any CPU.Build.0 = Debug|Any CPU
		{A736C6D7-FC5E-4679-B479-77B267081461}.Release|Any CPU.ActiveCfg = Release|Any CPU
		{A736C6D7-FC5E-4679-B479-77B267081461}.Release|Any CPU.Build.0 = Release|Any CPU
		{95B03397-B439-4B3E-9561-2E76B0CB80CD}.Debug|Any CPU.ActiveCfg = Debug|Any CPU
		{95B03397-B439-4B3E-9561-2E76B0CB80CD}.Debug|Any CPU.Build.0 = Debug|Any CPU
		{95B03397-B439-4B3E-9561-2E76B0CB80CD}.Release|Any CPU.ActiveCfg = Release|Any CPU
		{95B03397-B439-4B3E-9561-2E76B0CB80CD}.Release|Any CPU.Build.0 = Release|Any CPU
		{90C4E170-F6EC-45B6-B1CB-A3B74B8EB534}.Debug|Any CPU.ActiveCfg = Debug|Any CPU
		{90C4E170-F6EC-45B6-B1CB-A3B74B8EB534}.Debug|Any CPU.Build.0 = Debug|Any CPU
		{90C4E170-F6EC-45B6-B1CB-A3B74B8EB534}.Release|Any CPU.ActiveCfg = Release|Any CPU
		{90C4E170-F6EC-45B6-B1CB-A3B74B8EB534}.Release|Any CPU.Build.0 = Release|Any CPU
		{0CE51B9A-C1A1-47B5-B356-FAE7C0C0741E}.Debug|Any CPU.ActiveCfg = Debug|Any CPU
		{0CE51B9A-C1A1-47B5-B356-FAE7C0C0741E}.Debug|Any CPU.Build.0 = Debug|Any CPU
		{0CE51B9A-C1A1-47B5-B356-FAE7C0C0741E}.Release|Any CPU.ActiveCfg = Release|Any CPU
		{0CE51B9A-C1A1-47B5-B356-FAE7C0C0741E}.Release|Any CPU.Build.0 = Release|Any CPU
		{AF4FF068-F022-41CC-90EB-1A6455DF517E}.Debug|Any CPU.ActiveCfg = Debug|Any CPU
		{AF4FF068-F022-41CC-90EB-1A6455DF517E}.Debug|Any CPU.Build.0 = Debug|Any CPU
		{AF4FF068-F022-41CC-90EB-1A6455DF517E}.Release|Any CPU.ActiveCfg = Release|Any CPU
		{AF4FF068-F022-41CC-90EB-1A6455DF517E}.Release|Any CPU.Build.0 = Release|Any CPU
		{3DFA37C2-7756-4259-ABF3-D1F0AB9DD35A}.Debug|Any CPU.ActiveCfg = Debug|Any CPU
		{3DFA37C2-7756-4259-ABF3-D1F0AB9DD35A}.Debug|Any CPU.Build.0 = Debug|Any CPU
		{3DFA37C2-7756-4259-ABF3-D1F0AB9DD35A}.Release|Any CPU.ActiveCfg = Release|Any CPU
		{3DFA37C2-7756-4259-ABF3-D1F0AB9DD35A}.Release|Any CPU.Build.0 = Release|Any CPU
		{9495E244-E10F-4980-83E1-3BBE5769C8F7}.Debug|Any CPU.ActiveCfg = Debug|Any CPU
		{9495E244-E10F-4980-83E1-3BBE5769C8F7}.Debug|Any CPU.Build.0 = Debug|Any CPU
		{9495E244-E10F-4980-83E1-3BBE5769C8F7}.Release|Any CPU.ActiveCfg = Release|Any CPU
		{9495E244-E10F-4980-83E1-3BBE5769C8F7}.Release|Any CPU.Build.0 = Release|Any CPU
		{A41186D4-3C69-4BA8-928D-300ED6DB132C}.Debug|Any CPU.ActiveCfg = Debug|Any CPU
		{A41186D4-3C69-4BA8-928D-300ED6DB132C}.Debug|Any CPU.Build.0 = Debug|Any CPU
		{A41186D4-3C69-4BA8-928D-300ED6DB132C}.Release|Any CPU.ActiveCfg = Release|Any CPU
		{A41186D4-3C69-4BA8-928D-300ED6DB132C}.Release|Any CPU.Build.0 = Release|Any CPU
		{87947C4A-C46E-46F3-AC55-B6A777A54D92}.Debug|Any CPU.ActiveCfg = Debug|Any CPU
		{87947C4A-C46E-46F3-AC55-B6A777A54D92}.Debug|Any CPU.Build.0 = Debug|Any CPU
		{87947C4A-C46E-46F3-AC55-B6A777A54D92}.Release|Any CPU.ActiveCfg = Release|Any CPU
		{87947C4A-C46E-46F3-AC55-B6A777A54D92}.Release|Any CPU.Build.0 = Release|Any CPU
		{9D32AA5E-9137-4F70-9FF9-B6AECCB25401}.Debug|Any CPU.ActiveCfg = Debug|Any CPU
		{9D32AA5E-9137-4F70-9FF9-B6AECCB25401}.Debug|Any CPU.Build.0 = Debug|Any CPU
		{9D32AA5E-9137-4F70-9FF9-B6AECCB25401}.Release|Any CPU.ActiveCfg = Release|Any CPU
		{9D32AA5E-9137-4F70-9FF9-B6AECCB25401}.Release|Any CPU.Build.0 = Release|Any CPU
		{7FC8B46B-BDEA-45D3-83CC-035BC558D1DC}.Debug|Any CPU.ActiveCfg = Debug|Any CPU
		{7FC8B46B-BDEA-45D3-83CC-035BC558D1DC}.Debug|Any CPU.Build.0 = Debug|Any CPU
		{7FC8B46B-BDEA-45D3-83CC-035BC558D1DC}.Release|Any CPU.ActiveCfg = Release|Any CPU
		{7FC8B46B-BDEA-45D3-83CC-035BC558D1DC}.Release|Any CPU.Build.0 = Release|Any CPU
		{D04EBBBF-ADD2-42A9-8CF5-CF9F697F334B}.Debug|Any CPU.ActiveCfg = Debug|Any CPU
		{D04EBBBF-ADD2-42A9-8CF5-CF9F697F334B}.Debug|Any CPU.Build.0 = Debug|Any CPU
		{D04EBBBF-ADD2-42A9-8CF5-CF9F697F334B}.Release|Any CPU.ActiveCfg = Release|Any CPU
		{D04EBBBF-ADD2-42A9-8CF5-CF9F697F334B}.Release|Any CPU.Build.0 = Release|Any CPU
		{C9EFFDA5-4488-4919-8C3B-94EAE0FCC998}.Debug|Any CPU.ActiveCfg = Debug|Any CPU
		{C9EFFDA5-4488-4919-8C3B-94EAE0FCC998}.Debug|Any CPU.Build.0 = Debug|Any CPU
		{C9EFFDA5-4488-4919-8C3B-94EAE0FCC998}.Release|Any CPU.ActiveCfg = Release|Any CPU
		{C9EFFDA5-4488-4919-8C3B-94EAE0FCC998}.Release|Any CPU.Build.0 = Release|Any CPU
		{B263B01F-F111-424A-B7BA-B37661CC36B0}.Debug|Any CPU.ActiveCfg = Debug|Any CPU
		{B263B01F-F111-424A-B7BA-B37661CC36B0}.Debug|Any CPU.Build.0 = Debug|Any CPU
		{B263B01F-F111-424A-B7BA-B37661CC36B0}.Release|Any CPU.ActiveCfg = Release|Any CPU
		{B263B01F-F111-424A-B7BA-B37661CC36B0}.Release|Any CPU.Build.0 = Release|Any CPU
		{2CB02F5B-1AAA-48D5-BB8D-6A1301F9DFE2}.Debug|Any CPU.ActiveCfg = Debug|Any CPU
		{2CB02F5B-1AAA-48D5-BB8D-6A1301F9DFE2}.Debug|Any CPU.Build.0 = Debug|Any CPU
		{2CB02F5B-1AAA-48D5-BB8D-6A1301F9DFE2}.Release|Any CPU.ActiveCfg = Release|Any CPU
		{2CB02F5B-1AAA-48D5-BB8D-6A1301F9DFE2}.Release|Any CPU.Build.0 = Release|Any CPU
		{C364C979-1E78-4AE1-84DE-F926F41B7E04}.Debug|Any CPU.ActiveCfg = Debug|Any CPU
		{C364C979-1E78-4AE1-84DE-F926F41B7E04}.Debug|Any CPU.Build.0 = Debug|Any CPU
		{C364C979-1E78-4AE1-84DE-F926F41B7E04}.Release|Any CPU.ActiveCfg = Release|Any CPU
		{C364C979-1E78-4AE1-84DE-F926F41B7E04}.Release|Any CPU.Build.0 = Release|Any CPU
		{F08AA770-BBA4-4BC0-95E4-9C5152286367}.Debug|Any CPU.ActiveCfg = Debug|Any CPU
		{F08AA770-BBA4-4BC0-95E4-9C5152286367}.Debug|Any CPU.Build.0 = Debug|Any CPU
		{F08AA770-BBA4-4BC0-95E4-9C5152286367}.Release|Any CPU.ActiveCfg = Release|Any CPU
		{F08AA770-BBA4-4BC0-95E4-9C5152286367}.Release|Any CPU.Build.0 = Release|Any CPU
		{988211DB-40DB-4373-B306-CCAAD9F6E6FE}.Debug|Any CPU.ActiveCfg = Debug|Any CPU
		{988211DB-40DB-4373-B306-CCAAD9F6E6FE}.Debug|Any CPU.Build.0 = Debug|Any CPU
		{988211DB-40DB-4373-B306-CCAAD9F6E6FE}.Release|Any CPU.ActiveCfg = Release|Any CPU
		{988211DB-40DB-4373-B306-CCAAD9F6E6FE}.Release|Any CPU.Build.0 = Release|Any CPU
		{8C0F3BB1-229D-47A3-9BF8-22E26276E969}.Debug|Any CPU.ActiveCfg = Debug|Any CPU
		{8C0F3BB1-229D-47A3-9BF8-22E26276E969}.Debug|Any CPU.Build.0 = Debug|Any CPU
		{8C0F3BB1-229D-47A3-9BF8-22E26276E969}.Release|Any CPU.ActiveCfg = Release|Any CPU
		{8C0F3BB1-229D-47A3-9BF8-22E26276E969}.Release|Any CPU.Build.0 = Release|Any CPU
		{EA34A346-6278-4F93-9D1B-3F6DFE0D23A4}.Debug|Any CPU.ActiveCfg = Debug|Any CPU
		{EA34A346-6278-4F93-9D1B-3F6DFE0D23A4}.Debug|Any CPU.Build.0 = Debug|Any CPU
		{EA34A346-6278-4F93-9D1B-3F6DFE0D23A4}.Release|Any CPU.ActiveCfg = Release|Any CPU
		{EA34A346-6278-4F93-9D1B-3F6DFE0D23A4}.Release|Any CPU.Build.0 = Release|Any CPU
		{8A27B5FA-F7CF-4E4E-8859-30230708EDF2}.Debug|Any CPU.ActiveCfg = Debug|Any CPU
		{8A27B5FA-F7CF-4E4E-8859-30230708EDF2}.Debug|Any CPU.Build.0 = Debug|Any CPU
		{8A27B5FA-F7CF-4E4E-8859-30230708EDF2}.Release|Any CPU.ActiveCfg = Release|Any CPU
		{8A27B5FA-F7CF-4E4E-8859-30230708EDF2}.Release|Any CPU.Build.0 = Release|Any CPU
		{57F655E7-9D0E-499E-AA47-B116A5F2CD2D}.Debug|Any CPU.ActiveCfg = Debug|Any CPU
		{57F655E7-9D0E-499E-AA47-B116A5F2CD2D}.Debug|Any CPU.Build.0 = Debug|Any CPU
		{57F655E7-9D0E-499E-AA47-B116A5F2CD2D}.Release|Any CPU.ActiveCfg = Release|Any CPU
		{57F655E7-9D0E-499E-AA47-B116A5F2CD2D}.Release|Any CPU.Build.0 = Release|Any CPU
		{625E7648-5A83-4980-964B-C1749CAF3F15}.Debug|Any CPU.ActiveCfg = Debug|Any CPU
		{625E7648-5A83-4980-964B-C1749CAF3F15}.Debug|Any CPU.Build.0 = Debug|Any CPU
		{625E7648-5A83-4980-964B-C1749CAF3F15}.Release|Any CPU.ActiveCfg = Release|Any CPU
		{625E7648-5A83-4980-964B-C1749CAF3F15}.Release|Any CPU.Build.0 = Release|Any CPU
		{C8E174A8-8DC3-4201-80FB-D21A4C15595A}.Debug|Any CPU.ActiveCfg = Debug|Any CPU
		{C8E174A8-8DC3-4201-80FB-D21A4C15595A}.Debug|Any CPU.Build.0 = Debug|Any CPU
		{C8E174A8-8DC3-4201-80FB-D21A4C15595A}.Release|Any CPU.ActiveCfg = Release|Any CPU
		{C8E174A8-8DC3-4201-80FB-D21A4C15595A}.Release|Any CPU.Build.0 = Release|Any CPU
		{B80FCBDF-E7C7-4055-9ECF-2C0F883D9ED9}.Debug|Any CPU.ActiveCfg = Debug|Any CPU
		{B80FCBDF-E7C7-4055-9ECF-2C0F883D9ED9}.Debug|Any CPU.Build.0 = Debug|Any CPU
		{B80FCBDF-E7C7-4055-9ECF-2C0F883D9ED9}.Release|Any CPU.ActiveCfg = Release|Any CPU
		{B80FCBDF-E7C7-4055-9ECF-2C0F883D9ED9}.Release|Any CPU.Build.0 = Release|Any CPU
		{5EB48ADA-F7EF-4139-AAFB-8E9EA9BC84C9}.Debug|Any CPU.ActiveCfg = Debug|Any CPU
		{5EB48ADA-F7EF-4139-AAFB-8E9EA9BC84C9}.Debug|Any CPU.Build.0 = Debug|Any CPU
		{5EB48ADA-F7EF-4139-AAFB-8E9EA9BC84C9}.Release|Any CPU.ActiveCfg = Release|Any CPU
		{5EB48ADA-F7EF-4139-AAFB-8E9EA9BC84C9}.Release|Any CPU.Build.0 = Release|Any CPU
		{06F52100-0961-430A-943F-5F8F01ECBA11}.Debug|Any CPU.ActiveCfg = Debug|Any CPU
		{06F52100-0961-430A-943F-5F8F01ECBA11}.Debug|Any CPU.Build.0 = Debug|Any CPU
		{06F52100-0961-430A-943F-5F8F01ECBA11}.Release|Any CPU.ActiveCfg = Release|Any CPU
		{06F52100-0961-430A-943F-5F8F01ECBA11}.Release|Any CPU.Build.0 = Release|Any CPU
		{C2360E33-BCB4-4D47-9791-FA9BDF329EAB}.Debug|Any CPU.ActiveCfg = Debug|Any CPU
		{C2360E33-BCB4-4D47-9791-FA9BDF329EAB}.Debug|Any CPU.Build.0 = Debug|Any CPU
		{C2360E33-BCB4-4D47-9791-FA9BDF329EAB}.Release|Any CPU.ActiveCfg = Release|Any CPU
		{C2360E33-BCB4-4D47-9791-FA9BDF329EAB}.Release|Any CPU.Build.0 = Release|Any CPU
		{B197D72A-95B4-4E23-84B7-45DAE89DD945}.Debug|Any CPU.ActiveCfg = Debug|Any CPU
		{B197D72A-95B4-4E23-84B7-45DAE89DD945}.Debug|Any CPU.Build.0 = Debug|Any CPU
		{B197D72A-95B4-4E23-84B7-45DAE89DD945}.Release|Any CPU.ActiveCfg = Release|Any CPU
		{B197D72A-95B4-4E23-84B7-45DAE89DD945}.Release|Any CPU.Build.0 = Release|Any CPU
		{20F05359-1580-4B1A-BB20-6D7DF39A045E}.Debug|Any CPU.ActiveCfg = Debug|Any CPU
		{20F05359-1580-4B1A-BB20-6D7DF39A045E}.Debug|Any CPU.Build.0 = Debug|Any CPU
		{20F05359-1580-4B1A-BB20-6D7DF39A045E}.Release|Any CPU.ActiveCfg = Release|Any CPU
		{20F05359-1580-4B1A-BB20-6D7DF39A045E}.Release|Any CPU.Build.0 = Release|Any CPU
		{9C3DCFFC-9FC7-40C0-AD30-8A7B675AEF08}.Debug|Any CPU.ActiveCfg = Debug|Any CPU
		{9C3DCFFC-9FC7-40C0-AD30-8A7B675AEF08}.Debug|Any CPU.Build.0 = Debug|Any CPU
		{9C3DCFFC-9FC7-40C0-AD30-8A7B675AEF08}.Release|Any CPU.ActiveCfg = Release|Any CPU
		{9C3DCFFC-9FC7-40C0-AD30-8A7B675AEF08}.Release|Any CPU.Build.0 = Release|Any CPU
		{3662D9A8-49BD-4597-991F-080BBB9DFB3E}.Debug|Any CPU.ActiveCfg = Debug|Any CPU
		{3662D9A8-49BD-4597-991F-080BBB9DFB3E}.Debug|Any CPU.Build.0 = Debug|Any CPU
		{3662D9A8-49BD-4597-991F-080BBB9DFB3E}.Release|Any CPU.ActiveCfg = Release|Any CPU
		{3662D9A8-49BD-4597-991F-080BBB9DFB3E}.Release|Any CPU.Build.0 = Release|Any CPU
		{0B228443-592E-4542-A9D4-028B47667C32}.Debug|Any CPU.ActiveCfg = Debug|Any CPU
		{0B228443-592E-4542-A9D4-028B47667C32}.Debug|Any CPU.Build.0 = Debug|Any CPU
		{0B228443-592E-4542-A9D4-028B47667C32}.Release|Any CPU.ActiveCfg = Release|Any CPU
		{0B228443-592E-4542-A9D4-028B47667C32}.Release|Any CPU.Build.0 = Release|Any CPU
		{539E4ED2-AD82-4A60-A9C6-CFDFDDD46323}.Debug|Any CPU.ActiveCfg = Debug|Any CPU
		{539E4ED2-AD82-4A60-A9C6-CFDFDDD46323}.Debug|Any CPU.Build.0 = Debug|Any CPU
		{539E4ED2-AD82-4A60-A9C6-CFDFDDD46323}.Release|Any CPU.ActiveCfg = Release|Any CPU
		{539E4ED2-AD82-4A60-A9C6-CFDFDDD46323}.Release|Any CPU.Build.0 = Release|Any CPU
		{F9291D91-2A43-47CC-8A88-7FB26011F0B0}.Debug|Any CPU.ActiveCfg = Debug|Any CPU
		{F9291D91-2A43-47CC-8A88-7FB26011F0B0}.Debug|Any CPU.Build.0 = Debug|Any CPU
		{F9291D91-2A43-47CC-8A88-7FB26011F0B0}.Release|Any CPU.ActiveCfg = Release|Any CPU
		{F9291D91-2A43-47CC-8A88-7FB26011F0B0}.Release|Any CPU.Build.0 = Release|Any CPU
		{1AFCEF42-A2DE-4BF7-9E24-D1716B4DA0F0}.Debug|Any CPU.ActiveCfg = Debug|Any CPU
		{1AFCEF42-A2DE-4BF7-9E24-D1716B4DA0F0}.Debug|Any CPU.Build.0 = Debug|Any CPU
		{1AFCEF42-A2DE-4BF7-9E24-D1716B4DA0F0}.Release|Any CPU.ActiveCfg = Release|Any CPU
		{1AFCEF42-A2DE-4BF7-9E24-D1716B4DA0F0}.Release|Any CPU.Build.0 = Release|Any CPU
		{C821A9B2-0DC5-4CAE-9368-8F0AF2CD2E2C}.Debug|Any CPU.ActiveCfg = Debug|Any CPU
		{C821A9B2-0DC5-4CAE-9368-8F0AF2CD2E2C}.Debug|Any CPU.Build.0 = Debug|Any CPU
		{C821A9B2-0DC5-4CAE-9368-8F0AF2CD2E2C}.Release|Any CPU.ActiveCfg = Release|Any CPU
		{C821A9B2-0DC5-4CAE-9368-8F0AF2CD2E2C}.Release|Any CPU.Build.0 = Release|Any CPU
		{AFEAC11E-9450-4B45-9DDD-AD36B690A902}.Debug|Any CPU.ActiveCfg = Debug|Any CPU
		{AFEAC11E-9450-4B45-9DDD-AD36B690A902}.Debug|Any CPU.Build.0 = Debug|Any CPU
		{AFEAC11E-9450-4B45-9DDD-AD36B690A902}.Release|Any CPU.ActiveCfg = Release|Any CPU
		{AFEAC11E-9450-4B45-9DDD-AD36B690A902}.Release|Any CPU.Build.0 = Release|Any CPU
		{4495DC2A-468C-4F30-A59C-1049F940901E}.Debug|Any CPU.ActiveCfg = Debug|Any CPU
		{4495DC2A-468C-4F30-A59C-1049F940901E}.Debug|Any CPU.Build.0 = Debug|Any CPU
		{4495DC2A-468C-4F30-A59C-1049F940901E}.Release|Any CPU.ActiveCfg = Release|Any CPU
		{4495DC2A-468C-4F30-A59C-1049F940901E}.Release|Any CPU.Build.0 = Release|Any CPU
		{1157DFDC-85F3-4D7F-B838-ACB128A83E5E}.Debug|Any CPU.ActiveCfg = Debug|Any CPU
		{1157DFDC-85F3-4D7F-B838-ACB128A83E5E}.Debug|Any CPU.Build.0 = Debug|Any CPU
		{1157DFDC-85F3-4D7F-B838-ACB128A83E5E}.Release|Any CPU.ActiveCfg = Release|Any CPU
		{1157DFDC-85F3-4D7F-B838-ACB128A83E5E}.Release|Any CPU.Build.0 = Release|Any CPU
		{0DC2617F-A769-4327-8A81-8BBF94F8A0DE}.Debug|Any CPU.ActiveCfg = Debug|Any CPU
		{0DC2617F-A769-4327-8A81-8BBF94F8A0DE}.Debug|Any CPU.Build.0 = Debug|Any CPU
		{0DC2617F-A769-4327-8A81-8BBF94F8A0DE}.Release|Any CPU.ActiveCfg = Release|Any CPU
		{0DC2617F-A769-4327-8A81-8BBF94F8A0DE}.Release|Any CPU.Build.0 = Release|Any CPU
		{C99C9CA3-683F-4675-A190-56D43D070D4C}.Debug|Any CPU.ActiveCfg = Debug|Any CPU
		{C99C9CA3-683F-4675-A190-56D43D070D4C}.Debug|Any CPU.Build.0 = Debug|Any CPU
		{C99C9CA3-683F-4675-A190-56D43D070D4C}.Release|Any CPU.ActiveCfg = Release|Any CPU
		{C99C9CA3-683F-4675-A190-56D43D070D4C}.Release|Any CPU.Build.0 = Release|Any CPU
		{0CDDA8C1-76D3-4595-8DB8-8DC9CC772BCF}.Debug|Any CPU.ActiveCfg = Debug|Any CPU
		{0CDDA8C1-76D3-4595-8DB8-8DC9CC772BCF}.Debug|Any CPU.Build.0 = Debug|Any CPU
		{0CDDA8C1-76D3-4595-8DB8-8DC9CC772BCF}.Release|Any CPU.ActiveCfg = Release|Any CPU
		{0CDDA8C1-76D3-4595-8DB8-8DC9CC772BCF}.Release|Any CPU.Build.0 = Release|Any CPU
		{57808A6C-D637-459E-9F05-227B7F104178}.Debug|Any CPU.ActiveCfg = Debug|Any CPU
		{57808A6C-D637-459E-9F05-227B7F104178}.Debug|Any CPU.Build.0 = Debug|Any CPU
		{57808A6C-D637-459E-9F05-227B7F104178}.Release|Any CPU.ActiveCfg = Release|Any CPU
		{57808A6C-D637-459E-9F05-227B7F104178}.Release|Any CPU.Build.0 = Release|Any CPU
		{C01E01A1-FE17-4A38-80F5-63A050884078}.Debug|Any CPU.ActiveCfg = Debug|Any CPU
		{C01E01A1-FE17-4A38-80F5-63A050884078}.Debug|Any CPU.Build.0 = Debug|Any CPU
		{C01E01A1-FE17-4A38-80F5-63A050884078}.Release|Any CPU.ActiveCfg = Release|Any CPU
		{C01E01A1-FE17-4A38-80F5-63A050884078}.Release|Any CPU.Build.0 = Release|Any CPU
		{A269E415-D966-4AEB-872C-2A8CD9C70B3A}.Debug|Any CPU.ActiveCfg = Debug|Any CPU
		{A269E415-D966-4AEB-872C-2A8CD9C70B3A}.Debug|Any CPU.Build.0 = Debug|Any CPU
		{A269E415-D966-4AEB-872C-2A8CD9C70B3A}.Release|Any CPU.ActiveCfg = Release|Any CPU
		{A269E415-D966-4AEB-872C-2A8CD9C70B3A}.Release|Any CPU.Build.0 = Release|Any CPU
		{2D8A23DC-4B37-464F-B036-B14533640C1A}.Debug|Any CPU.ActiveCfg = Debug|Any CPU
		{2D8A23DC-4B37-464F-B036-B14533640C1A}.Debug|Any CPU.Build.0 = Debug|Any CPU
		{2D8A23DC-4B37-464F-B036-B14533640C1A}.Release|Any CPU.ActiveCfg = Release|Any CPU
		{2D8A23DC-4B37-464F-B036-B14533640C1A}.Release|Any CPU.Build.0 = Release|Any CPU
		{BC989838-C051-491C-B06C-0FB10D36A8DA}.Debug|Any CPU.ActiveCfg = Debug|Any CPU
		{BC989838-C051-491C-B06C-0FB10D36A8DA}.Debug|Any CPU.Build.0 = Debug|Any CPU
		{BC989838-C051-491C-B06C-0FB10D36A8DA}.Release|Any CPU.ActiveCfg = Release|Any CPU
		{BC989838-C051-491C-B06C-0FB10D36A8DA}.Release|Any CPU.Build.0 = Release|Any CPU
		{64EF85C0-0A7D-4D98-AEE1-8772F298AD67}.Debug|Any CPU.ActiveCfg = Debug|Any CPU
		{64EF85C0-0A7D-4D98-AEE1-8772F298AD67}.Debug|Any CPU.Build.0 = Debug|Any CPU
		{64EF85C0-0A7D-4D98-AEE1-8772F298AD67}.Release|Any CPU.ActiveCfg = Release|Any CPU
		{64EF85C0-0A7D-4D98-AEE1-8772F298AD67}.Release|Any CPU.Build.0 = Release|Any CPU
		{679FF8D2-56A9-4318-9FC9-03D6EEECBC83}.Debug|Any CPU.ActiveCfg = Debug|Any CPU
		{679FF8D2-56A9-4318-9FC9-03D6EEECBC83}.Debug|Any CPU.Build.0 = Debug|Any CPU
		{679FF8D2-56A9-4318-9FC9-03D6EEECBC83}.Release|Any CPU.ActiveCfg = Release|Any CPU
		{679FF8D2-56A9-4318-9FC9-03D6EEECBC83}.Release|Any CPU.Build.0 = Release|Any CPU
		{4888603A-4D1E-4A22-B412-4FA4D37641BA}.Debug|Any CPU.ActiveCfg = Debug|Any CPU
		{4888603A-4D1E-4A22-B412-4FA4D37641BA}.Debug|Any CPU.Build.0 = Debug|Any CPU
		{4888603A-4D1E-4A22-B412-4FA4D37641BA}.Release|Any CPU.ActiveCfg = Release|Any CPU
		{4888603A-4D1E-4A22-B412-4FA4D37641BA}.Release|Any CPU.Build.0 = Release|Any CPU
		{BD792E5C-2E07-4D10-AA91-25544D07CC5B}.Debug|Any CPU.ActiveCfg = Debug|Any CPU
		{BD792E5C-2E07-4D10-AA91-25544D07CC5B}.Debug|Any CPU.Build.0 = Debug|Any CPU
		{BD792E5C-2E07-4D10-AA91-25544D07CC5B}.Release|Any CPU.ActiveCfg = Release|Any CPU
		{BD792E5C-2E07-4D10-AA91-25544D07CC5B}.Release|Any CPU.Build.0 = Release|Any CPU
		{D7E39F77-E294-45D8-94DA-C422E812A726}.Debug|Any CPU.ActiveCfg = Debug|Any CPU
		{D7E39F77-E294-45D8-94DA-C422E812A726}.Debug|Any CPU.Build.0 = Debug|Any CPU
		{D7E39F77-E294-45D8-94DA-C422E812A726}.Release|Any CPU.ActiveCfg = Release|Any CPU
		{D7E39F77-E294-45D8-94DA-C422E812A726}.Release|Any CPU.Build.0 = Release|Any CPU
		{AF37E7CE-5730-44C9-BDF6-D1B2E8665495}.Debug|Any CPU.ActiveCfg = Debug|Any CPU
		{AF37E7CE-5730-44C9-BDF6-D1B2E8665495}.Debug|Any CPU.Build.0 = Debug|Any CPU
		{AF37E7CE-5730-44C9-BDF6-D1B2E8665495}.Release|Any CPU.ActiveCfg = Release|Any CPU
		{AF37E7CE-5730-44C9-BDF6-D1B2E8665495}.Release|Any CPU.Build.0 = Release|Any CPU
		{638D2DD3-E36C-4DD6-9AA0-6181076A7D18}.Debug|Any CPU.ActiveCfg = Debug|Any CPU
		{638D2DD3-E36C-4DD6-9AA0-6181076A7D18}.Debug|Any CPU.Build.0 = Debug|Any CPU
		{638D2DD3-E36C-4DD6-9AA0-6181076A7D18}.Release|Any CPU.ActiveCfg = Release|Any CPU
		{638D2DD3-E36C-4DD6-9AA0-6181076A7D18}.Release|Any CPU.Build.0 = Release|Any CPU
		{ECA755F2-3750-4899-A525-3191EAD3260F}.Debug|Any CPU.ActiveCfg = Debug|Any CPU
		{ECA755F2-3750-4899-A525-3191EAD3260F}.Debug|Any CPU.Build.0 = Debug|Any CPU
		{ECA755F2-3750-4899-A525-3191EAD3260F}.Release|Any CPU.ActiveCfg = Release|Any CPU
		{ECA755F2-3750-4899-A525-3191EAD3260F}.Release|Any CPU.Build.0 = Release|Any CPU
	EndGlobalSection
	GlobalSection(NestedProjects) = preSolution
		{6A9F9B59-B917-4862-AA3E-5AA7FC65A44F} = {E57F7EA0-486A-463F-AA46-72412291FC46}
		{980A57D2-4F21-46CF-87BE-89CD328B46EA} = {6A9F9B59-B917-4862-AA3E-5AA7FC65A44F}
		{B6869BEB-B1E8-4AD9-962B-9DC9B895EE99} = {6A9F9B59-B917-4862-AA3E-5AA7FC65A44F}
		{C4ACB8A7-584C-4ADD-9F03-E48830D5C843} = {E57F7EA0-486A-463F-AA46-72412291FC46}
		{61CFFEBC-A995-4C18-921A-1531FAFA1C9D} = {C4ACB8A7-584C-4ADD-9F03-E48830D5C843}
		{66468068-715D-4365-B3C4-37620F6FF504} = {C4ACB8A7-584C-4ADD-9F03-E48830D5C843}
		{24C506C1-5734-4CDB-B639-80030713702C} = {E57F7EA0-486A-463F-AA46-72412291FC46}
		{64907E80-CCA0-41E5-B2B8-3944C30C1DD6} = {24C506C1-5734-4CDB-B639-80030713702C}
		{2CC82E1C-1C46-404B-97BC-54B02B0D367A} = {24C506C1-5734-4CDB-B639-80030713702C}
		{7D6866A4-1E00-4778-8737-F3A0E8DB0CD9} = {6D6338C2-4B43-4511-BBCC-C44A4528093D}
		{69EA633E-0FC3-4AAA-A158-4AD5D4B12213} = {7D6866A4-1E00-4778-8737-F3A0E8DB0CD9}
		{071BE314-1123-49F5-8FB5-55359CD73717} = {7D6866A4-1E00-4778-8737-F3A0E8DB0CD9}
		{952535C0-CA08-44FE-BE10-64B718FF92D3} = {7D6866A4-1E00-4778-8737-F3A0E8DB0CD9}
		{B886998D-EAB1-4DCC-8102-A73BA4D19C17} = {69EA633E-0FC3-4AAA-A158-4AD5D4B12213}
		{A3B13B70-D5F8-4E18-8718-A82B0C11C5B1} = {69EA633E-0FC3-4AAA-A158-4AD5D4B12213}
		{DC5CE627-ED14-4F47-80B1-94DDD50EEAFD} = {071BE314-1123-49F5-8FB5-55359CD73717}
		{D6806F66-B716-4A34-A144-C4DE8DC63909} = {071BE314-1123-49F5-8FB5-55359CD73717}
		{D3B60544-D75F-49A2-ABEE-FD326AA1F30A} = {952535C0-CA08-44FE-BE10-64B718FF92D3}
		{2E744544-F397-4317-984C-BD3FAEE5D35B} = {952535C0-CA08-44FE-BE10-64B718FF92D3}
		{666D4218-00D2-435B-B442-9C54FFC1BD55} = {7D6866A4-1E00-4778-8737-F3A0E8DB0CD9}
		{9E9C16B7-6763-4983-97DD-4B6F7D618349} = {6D6338C2-4B43-4511-BBCC-C44A4528093D}
		{BA9B49F6-1537-4F0F-959B-496DDD556E22} = {9E9C16B7-6763-4983-97DD-4B6F7D618349}
		{AAFB4F63-038B-4339-BBBA-16E53281BAC8} = {9E9C16B7-6763-4983-97DD-4B6F7D618349}
		{4BFFEE59-7A17-4F2B-BB53-12B64534F7EB} = {9E9C16B7-6763-4983-97DD-4B6F7D618349}
		{CD3D70F5-E429-4004-AC87-2C2A7CDF6165} = {AAFB4F63-038B-4339-BBBA-16E53281BAC8}
		{494A02FF-C294-4F83-BA26-136ACFAC4DCF} = {AAFB4F63-038B-4339-BBBA-16E53281BAC8}
		{4886EA11-EA5D-4E4D-B1B3-B3CA4B06C79D} = {BA9B49F6-1537-4F0F-959B-496DDD556E22}
		{9B4AAA02-45EC-4498-8ED7-419365151DE2} = {BA9B49F6-1537-4F0F-959B-496DDD556E22}
		{9D5FFEFF-17AF-4461-B1F5-E777B1D69B4F} = {4BFFEE59-7A17-4F2B-BB53-12B64534F7EB}
		{DCC2A352-1666-4936-885B-B4B85D584B66} = {4BFFEE59-7A17-4F2B-BB53-12B64534F7EB}
		{458A4E52-29E2-459F-AE14-995236884A81} = {9E9C16B7-6763-4983-97DD-4B6F7D618349}
		{DFBF8A2D-DF00-4254-AA03-B77DFCD985AD} = {6D6338C2-4B43-4511-BBCC-C44A4528093D}
		{74BAC828-F738-42E2-8B84-32C93FBBDBAE} = {DFBF8A2D-DF00-4254-AA03-B77DFCD985AD}
		{B347234B-3942-47D8-9D49-8F41B28B158A} = {DFBF8A2D-DF00-4254-AA03-B77DFCD985AD}
		{A25481BB-364D-43AF-8229-B21BDBDE1B16} = {DFBF8A2D-DF00-4254-AA03-B77DFCD985AD}
		{E45E03B2-46FB-413A-A197-D1ED16AB027D} = {B347234B-3942-47D8-9D49-8F41B28B158A}
		{3817D6D9-364D-404B-9F74-C82C5CDF1901} = {B347234B-3942-47D8-9D49-8F41B28B158A}
		{E9946CCC-F56B-4F39-98D7-275B78F20458} = {74BAC828-F738-42E2-8B84-32C93FBBDBAE}
		{CB689448-506D-4E61-A3FE-3597B4E2BDC4} = {74BAC828-F738-42E2-8B84-32C93FBBDBAE}
		{61F58E43-3346-41DA-B9F8-4E0547B097A4} = {A25481BB-364D-43AF-8229-B21BDBDE1B16}
		{D695EA98-DA82-402F-B14A-5792F4332F4B} = {A25481BB-364D-43AF-8229-B21BDBDE1B16}
		{2361C4E9-A8E1-4620-B630-022D221BCC8D} = {DFBF8A2D-DF00-4254-AA03-B77DFCD985AD}
		{EC14E249-B5A8-4103-A16D-3D48F0D9CFB6} = {6D6338C2-4B43-4511-BBCC-C44A4528093D}
		{2D7C6A60-8749-4FF4-B44C-A9AA687E776E} = {EC14E249-B5A8-4103-A16D-3D48F0D9CFB6}
		{A0792AD3-1753-45F9-A2BE-A906DC727ECC} = {EC14E249-B5A8-4103-A16D-3D48F0D9CFB6}
		{2938AC3C-E484-461B-8B69-DBF7C9545577} = {EC14E249-B5A8-4103-A16D-3D48F0D9CFB6}
		{63C95E5B-47A4-4760-8B3C-24C8E6002BBD} = {2D7C6A60-8749-4FF4-B44C-A9AA687E776E}
		{2F13EF34-0C06-497F-924F-B4E1AEE8EA09} = {2D7C6A60-8749-4FF4-B44C-A9AA687E776E}
		{F65B536F-DC87-43BD-A1A4-E5EB671C17AE} = {A0792AD3-1753-45F9-A2BE-A906DC727ECC}
		{D651E6F2-012A-4FBA-9605-36076CE2125C} = {A0792AD3-1753-45F9-A2BE-A906DC727ECC}
		{B994BA0B-5839-4EE3-B17D-FAFDF7CB94AF} = {2938AC3C-E484-461B-8B69-DBF7C9545577}
		{6EAF334B-1647-477B-A923-085AEE5736CC} = {2938AC3C-E484-461B-8B69-DBF7C9545577}
		{868FDB9C-42B2-465E-9F48-8E3578A9189F} = {EC14E249-B5A8-4103-A16D-3D48F0D9CFB6}
		{003FB48F-871F-4B2D-9D7F-47CA431D892D} = {6D6338C2-4B43-4511-BBCC-C44A4528093D}
		{E9BF0541-13FC-4391-BE17-75CDD3269E58} = {003FB48F-871F-4B2D-9D7F-47CA431D892D}
		{DA921D2F-2D91-49EC-AA09-432EF6D76C78} = {003FB48F-871F-4B2D-9D7F-47CA431D892D}
		{84EACAE0-086E-4CC2-888E-DEA33B79D7E8} = {003FB48F-871F-4B2D-9D7F-47CA431D892D}
		{C6C25B11-CC9F-4A48-BADF-A30DA3E145EF} = {E9BF0541-13FC-4391-BE17-75CDD3269E58}
		{1CE521C7-CC27-4A66-9610-AA0E90AD30BE} = {E9BF0541-13FC-4391-BE17-75CDD3269E58}
		{5224C157-0B1B-437B-9E67-F8F70A68A61F} = {DA921D2F-2D91-49EC-AA09-432EF6D76C78}
		{61F82011-F704-4B65-B1A4-9FAC9CA28E44} = {DA921D2F-2D91-49EC-AA09-432EF6D76C78}
		{26049A48-0CBB-43B8-B4B9-43B504F311A0} = {84EACAE0-086E-4CC2-888E-DEA33B79D7E8}
		{7A9CDEE4-04E1-48BD-B81D-CEF848D7C2E5} = {84EACAE0-086E-4CC2-888E-DEA33B79D7E8}
		{99EE62DF-8BCF-4B90-832E-D41997B3C544} = {003FB48F-871F-4B2D-9D7F-47CA431D892D}
		{C1F8E213-354D-4B2B-9740-EFE6E73BD0AD} = {6D6338C2-4B43-4511-BBCC-C44A4528093D}
		{0DC245F4-0E48-448F-BC27-43CBC7A76BF0} = {C1F8E213-354D-4B2B-9740-EFE6E73BD0AD}
		{7B2BF669-DBAB-45C1-968A-40057AED84A0} = {C1F8E213-354D-4B2B-9740-EFE6E73BD0AD}
		{6317D14C-2ECF-4906-9C82-2EF457FB4C4A} = {C1F8E213-354D-4B2B-9740-EFE6E73BD0AD}
		{A736C6D7-FC5E-4679-B479-77B267081461} = {0DC245F4-0E48-448F-BC27-43CBC7A76BF0}
		{95B03397-B439-4B3E-9561-2E76B0CB80CD} = {0DC245F4-0E48-448F-BC27-43CBC7A76BF0}
		{90C4E170-F6EC-45B6-B1CB-A3B74B8EB534} = {7B2BF669-DBAB-45C1-968A-40057AED84A0}
		{0CE51B9A-C1A1-47B5-B356-FAE7C0C0741E} = {7B2BF669-DBAB-45C1-968A-40057AED84A0}
		{AF4FF068-F022-41CC-90EB-1A6455DF517E} = {6317D14C-2ECF-4906-9C82-2EF457FB4C4A}
		{3DFA37C2-7756-4259-ABF3-D1F0AB9DD35A} = {6317D14C-2ECF-4906-9C82-2EF457FB4C4A}
		{9495E244-E10F-4980-83E1-3BBE5769C8F7} = {C1F8E213-354D-4B2B-9740-EFE6E73BD0AD}
		{0DE2BB5F-F7C4-46CC-B9D8-E9085981430A} = {6D6338C2-4B43-4511-BBCC-C44A4528093D}
		{37BB6CFC-FB87-4A4C-AA91-18FEF6E991FE} = {0DE2BB5F-F7C4-46CC-B9D8-E9085981430A}
		{5DFCE787-470C-4886-90AC-76A1169093B1} = {0DE2BB5F-F7C4-46CC-B9D8-E9085981430A}
		{B0F935B7-410F-459B-B5F5-1D20446F987E} = {0DE2BB5F-F7C4-46CC-B9D8-E9085981430A}
		{A41186D4-3C69-4BA8-928D-300ED6DB132C} = {37BB6CFC-FB87-4A4C-AA91-18FEF6E991FE}
		{87947C4A-C46E-46F3-AC55-B6A777A54D92} = {37BB6CFC-FB87-4A4C-AA91-18FEF6E991FE}
		{9D32AA5E-9137-4F70-9FF9-B6AECCB25401} = {5DFCE787-470C-4886-90AC-76A1169093B1}
		{7FC8B46B-BDEA-45D3-83CC-035BC558D1DC} = {5DFCE787-470C-4886-90AC-76A1169093B1}
		{D04EBBBF-ADD2-42A9-8CF5-CF9F697F334B} = {B0F935B7-410F-459B-B5F5-1D20446F987E}
		{C9EFFDA5-4488-4919-8C3B-94EAE0FCC998} = {B0F935B7-410F-459B-B5F5-1D20446F987E}
		{B263B01F-F111-424A-B7BA-B37661CC36B0} = {0DE2BB5F-F7C4-46CC-B9D8-E9085981430A}
		{6BADE1A9-6E27-4DA6-BA4A-CE34FC9D5781} = {6D6338C2-4B43-4511-BBCC-C44A4528093D}
		{1073CD92-3415-4813-9E77-166DCC626ECB} = {6BADE1A9-6E27-4DA6-BA4A-CE34FC9D5781}
		{EA4D3853-9529-45EB-9108-F4A4B9B1D4E2} = {6BADE1A9-6E27-4DA6-BA4A-CE34FC9D5781}
		{32C3C1E3-5174-4C52-AF49-0C7B9565101D} = {6BADE1A9-6E27-4DA6-BA4A-CE34FC9D5781}
		{2CB02F5B-1AAA-48D5-BB8D-6A1301F9DFE2} = {1073CD92-3415-4813-9E77-166DCC626ECB}
		{C364C979-1E78-4AE1-84DE-F926F41B7E04} = {1073CD92-3415-4813-9E77-166DCC626ECB}
		{F08AA770-BBA4-4BC0-95E4-9C5152286367} = {EA4D3853-9529-45EB-9108-F4A4B9B1D4E2}
		{988211DB-40DB-4373-B306-CCAAD9F6E6FE} = {EA4D3853-9529-45EB-9108-F4A4B9B1D4E2}
		{8C0F3BB1-229D-47A3-9BF8-22E26276E969} = {32C3C1E3-5174-4C52-AF49-0C7B9565101D}
		{EA34A346-6278-4F93-9D1B-3F6DFE0D23A4} = {32C3C1E3-5174-4C52-AF49-0C7B9565101D}
		{8A27B5FA-F7CF-4E4E-8859-30230708EDF2} = {6BADE1A9-6E27-4DA6-BA4A-CE34FC9D5781}
		{F12D0C3C-CA68-4E97-8542-45E9ADBD1CDF} = {6D6338C2-4B43-4511-BBCC-C44A4528093D}
		{1483553A-42DF-4140-9931-992C0ECF9C26} = {F12D0C3C-CA68-4E97-8542-45E9ADBD1CDF}
		{DDA0BB3F-C68F-495F-AEB2-DAACF27E444F} = {F12D0C3C-CA68-4E97-8542-45E9ADBD1CDF}
		{3311ADCA-7EE3-46BC-96DF-94ACE5CCC92F} = {F12D0C3C-CA68-4E97-8542-45E9ADBD1CDF}
		{57F655E7-9D0E-499E-AA47-B116A5F2CD2D} = {1483553A-42DF-4140-9931-992C0ECF9C26}
		{625E7648-5A83-4980-964B-C1749CAF3F15} = {1483553A-42DF-4140-9931-992C0ECF9C26}
		{C8E174A8-8DC3-4201-80FB-D21A4C15595A} = {DDA0BB3F-C68F-495F-AEB2-DAACF27E444F}
		{B80FCBDF-E7C7-4055-9ECF-2C0F883D9ED9} = {DDA0BB3F-C68F-495F-AEB2-DAACF27E444F}
		{5EB48ADA-F7EF-4139-AAFB-8E9EA9BC84C9} = {3311ADCA-7EE3-46BC-96DF-94ACE5CCC92F}
		{06F52100-0961-430A-943F-5F8F01ECBA11} = {3311ADCA-7EE3-46BC-96DF-94ACE5CCC92F}
		{C2360E33-BCB4-4D47-9791-FA9BDF329EAB} = {F12D0C3C-CA68-4E97-8542-45E9ADBD1CDF}
		{2E74B132-861A-439F-B3F1-35273FC8BF9D} = {6D6338C2-4B43-4511-BBCC-C44A4528093D}
		{F895B684-68B4-4A50-9DF3-58A654D3ACA4} = {2E74B132-861A-439F-B3F1-35273FC8BF9D}
		{75B314DF-9AA3-4854-B5AE-35B60759EC57} = {2E74B132-861A-439F-B3F1-35273FC8BF9D}
		{49D8125B-075C-4C7B-BF79-D75C1DCCF110} = {2E74B132-861A-439F-B3F1-35273FC8BF9D}
		{B197D72A-95B4-4E23-84B7-45DAE89DD945} = {F895B684-68B4-4A50-9DF3-58A654D3ACA4}
		{20F05359-1580-4B1A-BB20-6D7DF39A045E} = {F895B684-68B4-4A50-9DF3-58A654D3ACA4}
		{9C3DCFFC-9FC7-40C0-AD30-8A7B675AEF08} = {75B314DF-9AA3-4854-B5AE-35B60759EC57}
		{3662D9A8-49BD-4597-991F-080BBB9DFB3E} = {75B314DF-9AA3-4854-B5AE-35B60759EC57}
		{0B228443-592E-4542-A9D4-028B47667C32} = {49D8125B-075C-4C7B-BF79-D75C1DCCF110}
		{539E4ED2-AD82-4A60-A9C6-CFDFDDD46323} = {49D8125B-075C-4C7B-BF79-D75C1DCCF110}
		{F9291D91-2A43-47CC-8A88-7FB26011F0B0} = {2E74B132-861A-439F-B3F1-35273FC8BF9D}
		{18CC8D0A-240D-47FF-8B7B-64EF87B58DEB} = {6D6338C2-4B43-4511-BBCC-C44A4528093D}
		{E809161A-4937-44BD-AC29-55ECC70783B5} = {18CC8D0A-240D-47FF-8B7B-64EF87B58DEB}
		{6F1D106D-8D0C-4D6F-9A1B-06DADF2E1C64} = {18CC8D0A-240D-47FF-8B7B-64EF87B58DEB}
		{59070032-4677-490C-B06B-D5EAFF550FFF} = {18CC8D0A-240D-47FF-8B7B-64EF87B58DEB}
		{1AFCEF42-A2DE-4BF7-9E24-D1716B4DA0F0} = {E809161A-4937-44BD-AC29-55ECC70783B5}
		{C821A9B2-0DC5-4CAE-9368-8F0AF2CD2E2C} = {E809161A-4937-44BD-AC29-55ECC70783B5}
		{AFEAC11E-9450-4B45-9DDD-AD36B690A902} = {6F1D106D-8D0C-4D6F-9A1B-06DADF2E1C64}
		{4495DC2A-468C-4F30-A59C-1049F940901E} = {6F1D106D-8D0C-4D6F-9A1B-06DADF2E1C64}
		{1157DFDC-85F3-4D7F-B838-ACB128A83E5E} = {59070032-4677-490C-B06B-D5EAFF550FFF}
		{0DC2617F-A769-4327-8A81-8BBF94F8A0DE} = {59070032-4677-490C-B06B-D5EAFF550FFF}
		{C99C9CA3-683F-4675-A190-56D43D070D4C} = {18CC8D0A-240D-47FF-8B7B-64EF87B58DEB}
		{1AFDAC2E-526B-4B36-99FA-9546ADAF377B} = {6D6338C2-4B43-4511-BBCC-C44A4528093D}
		{FB6F74B9-F373-4578-9156-DA20F71DC3D2} = {1AFDAC2E-526B-4B36-99FA-9546ADAF377B}
		{07D6E61D-7EF2-45A7-91AC-EAD4F2580149} = {1AFDAC2E-526B-4B36-99FA-9546ADAF377B}
		{B7E80818-F905-4AEF-AB54-8BCE9A5C1376} = {1AFDAC2E-526B-4B36-99FA-9546ADAF377B}
		{0CDDA8C1-76D3-4595-8DB8-8DC9CC772BCF} = {FB6F74B9-F373-4578-9156-DA20F71DC3D2}
		{57808A6C-D637-459E-9F05-227B7F104178} = {FB6F74B9-F373-4578-9156-DA20F71DC3D2}
		{C01E01A1-FE17-4A38-80F5-63A050884078} = {07D6E61D-7EF2-45A7-91AC-EAD4F2580149}
		{A269E415-D966-4AEB-872C-2A8CD9C70B3A} = {07D6E61D-7EF2-45A7-91AC-EAD4F2580149}
		{2D8A23DC-4B37-464F-B036-B14533640C1A} = {B7E80818-F905-4AEF-AB54-8BCE9A5C1376}
		{BC989838-C051-491C-B06C-0FB10D36A8DA} = {B7E80818-F905-4AEF-AB54-8BCE9A5C1376}
		{64EF85C0-0A7D-4D98-AEE1-8772F298AD67} = {1AFDAC2E-526B-4B36-99FA-9546ADAF377B}
		{FE3530A8-0A5A-4399-AE65-6633D0D60F19} = {6D6338C2-4B43-4511-BBCC-C44A4528093D}
		{6455FE05-F585-4948-BF38-EC581DE9D613} = {FE3530A8-0A5A-4399-AE65-6633D0D60F19}
		{E65DDB76-2606-41F2-8178-D26224B89EAB} = {FE3530A8-0A5A-4399-AE65-6633D0D60F19}
		{9747F8F7-9B18-493C-90BF-F34A51837485} = {FE3530A8-0A5A-4399-AE65-6633D0D60F19}
		{679FF8D2-56A9-4318-9FC9-03D6EEECBC83} = {6455FE05-F585-4948-BF38-EC581DE9D613}
		{4888603A-4D1E-4A22-B412-4FA4D37641BA} = {6455FE05-F585-4948-BF38-EC581DE9D613}
		{BD792E5C-2E07-4D10-AA91-25544D07CC5B} = {E65DDB76-2606-41F2-8178-D26224B89EAB}
		{D7E39F77-E294-45D8-94DA-C422E812A726} = {E65DDB76-2606-41F2-8178-D26224B89EAB}
		{AF37E7CE-5730-44C9-BDF6-D1B2E8665495} = {9747F8F7-9B18-493C-90BF-F34A51837485}
		{638D2DD3-E36C-4DD6-9AA0-6181076A7D18} = {9747F8F7-9B18-493C-90BF-F34A51837485}
		{ECA755F2-3750-4899-A525-3191EAD3260F} = {FE3530A8-0A5A-4399-AE65-6633D0D60F19}
	EndGlobalSection
EndGlobal
